// !$*UTF8*$!
{
	archiveVersion = 1;
	classes = {
	};
	objectVersion = 46;
	objects = {

/* Begin PBXBuildFile section */
		2249DFF11794DE88007D951B /* CustomAlert.m in Sources */ = {isa = PBXBuildFile; fileRef = 2249DFF01794DE88007D951B /* CustomAlert.m */; };
		224B4ABC174B9E7E00CE7A9B /* 세발자전거L.TTF in Resources */ = {isa = PBXBuildFile; fileRef = 224B4AB8174B9E7E00CE7A9B /* 세발자전거L.TTF */; };
		224B4ABD174B9E7E00CE7A9B /* 테트리스L.TTF in Resources */ = {isa = PBXBuildFile; fileRef = 224B4AB9174B9E7E00CE7A9B /* 테트리스L.TTF */; };
		22544C28175726E1008628D0 /* RecipeCommentView.m in Sources */ = {isa = PBXBuildFile; fileRef = 22544C27175726E1008628D0 /* RecipeCommentView.m */; };
		226072CB1744C06700CF3EAA /* Icons-chat@2x.png in Resources */ = {isa = PBXBuildFile; fileRef = 226072C81744C06700CF3EAA /* Icons-chat@2x.png */; };
		226072CC1744C06700CF3EAA /* Icons-comments@2x.png in Resources */ = {isa = PBXBuildFile; fileRef = 226072C91744C06700CF3EAA /* Icons-comments@2x.png */; };
		226072CD1744C06700CF3EAA /* Icons-h@2x.png in Resources */ = {isa = PBXBuildFile; fileRef = 226072CA1744C06700CF3EAA /* Icons-h@2x.png */; };
		226072D11744D5D200CF3EAA /* Icons-chat_black@2x.png in Resources */ = {isa = PBXBuildFile; fileRef = 226072CE1744D5D200CF3EAA /* Icons-chat_black@2x.png */; };
		226072D21744D5D200CF3EAA /* Icons-comments_black@2x.png in Resources */ = {isa = PBXBuildFile; fileRef = 226072CF1744D5D200CF3EAA /* Icons-comments_black@2x.png */; };
		226072D31744D5D200CF3EAA /* Icons-h_black@2x.png in Resources */ = {isa = PBXBuildFile; fileRef = 226072D01744D5D200CF3EAA /* Icons-h_black@2x.png */; };
		226072DD17450C0700CF3EAA /* libxml2.2.dylib in Frameworks */ = {isa = PBXBuildFile; fileRef = 226072DC17450C0600CF3EAA /* libxml2.2.dylib */; };
		226072E0174B2F5100CF3EAA /* SystemInfo.m in Sources */ = {isa = PBXBuildFile; fileRef = 226072DF174B2F5100CF3EAA /* SystemInfo.m */; };
		226DFC81175C47BC007E4749 /* libGoogleAdMobAds.a in Frameworks */ = {isa = PBXBuildFile; fileRef = 226DFC80175C47BC007E4749 /* libGoogleAdMobAds.a */; };
		226DFC83175C48F4007E4749 /* AudioToolbox.framework in Frameworks */ = {isa = PBXBuildFile; fileRef = 226DFC82175C48F3007E4749 /* AudioToolbox.framework */; };
		226DFC85175C48FC007E4749 /* MessageUI.framework in Frameworks */ = {isa = PBXBuildFile; fileRef = 226DFC84175C48FC007E4749 /* MessageUI.framework */; };
		226DFC87175C4904007E4749 /* SystemConfiguration.framework in Frameworks */ = {isa = PBXBuildFile; fileRef = 226DFC86175C4904007E4749 /* SystemConfiguration.framework */; };
		226DFC89175C497C007E4749 /* StoreKit.framework in Frameworks */ = {isa = PBXBuildFile; fileRef = 226DFC88175C497C007E4749 /* StoreKit.framework */; };
		2272B7D71758986900BDD89B /* FacebookSDK.framework in Frameworks */ = {isa = PBXBuildFile; fileRef = 2272B7D61758986900BDD89B /* FacebookSDK.framework */; };
		2272B7D917589A6C00BDD89B /* AdSupport.framework in Frameworks */ = {isa = PBXBuildFile; fileRef = 2272B7D817589A6C00BDD89B /* AdSupport.framework */; settings = {ATTRIBUTES = (Weak, ); }; };
		2272B7DB17589A7200BDD89B /* Social.framework in Frameworks */ = {isa = PBXBuildFile; fileRef = 2272B7DA17589A7200BDD89B /* Social.framework */; settings = {ATTRIBUTES = (Weak, ); }; };
		2272B7DD17589A7900BDD89B /* Accounts.framework in Frameworks */ = {isa = PBXBuildFile; fileRef = 2272B7DC17589A7900BDD89B /* Accounts.framework */; settings = {ATTRIBUTES = (Weak, ); }; };
		2272B7DF17589C8000BDD89B /* Security.framework in Frameworks */ = {isa = PBXBuildFile; fileRef = 2272B7DE17589C8000BDD89B /* Security.framework */; };
		22D4B472174CB59A00F91441 /* Post.m in Sources */ = {isa = PBXBuildFile; fileRef = 22D4B471174CB59A00F91441 /* Post.m */; };
		22D4B475174DF5BD00F91441 /* DefaultJSON.htm in Resources */ = {isa = PBXBuildFile; fileRef = 22D4B474174DF5BD00F91441 /* DefaultJSON.htm */; };
		22D4B478174DFFDE00F91441 /* HttpAsyncApi.m in Sources */ = {isa = PBXBuildFile; fileRef = 22D4B477174DFFDE00F91441 /* HttpAsyncApi.m */; };
		A30844F8178FEF0B002524E1 /* btn_like.png in Resources */ = {isa = PBXBuildFile; fileRef = A30844F6178FEF0B002524E1 /* btn_like.png */; };
		A30844F9178FEF0B002524E1 /* btn_unlike.png in Resources */ = {isa = PBXBuildFile; fileRef = A30844F7178FEF0B002524E1 /* btn_unlike.png */; };
		A30844FB17917B85002524E1 /* btn_send@2x.png in Resources */ = {isa = PBXBuildFile; fileRef = A30844FA17917B85002524E1 /* btn_send@2x.png */; };
		A30844FD1792DC6C002524E1 /* ic_facebook.png in Resources */ = {isa = PBXBuildFile; fileRef = A30844FC1792DC6C002524E1 /* ic_facebook.png */; };
		A30845001792DD0A002524E1 /* ic_blank_profile@2x.png in Resources */ = {isa = PBXBuildFile; fileRef = A30844FE1792DD0A002524E1 /* ic_blank_profile@2x.png */; };
		A30845011792DD0A002524E1 /* ic_overflow.png in Resources */ = {isa = PBXBuildFile; fileRef = A30844FF1792DD0A002524E1 /* ic_overflow.png */; };
		A314AD16178D9254000E4719 /* ic_loading@2x.png in Resources */ = {isa = PBXBuildFile; fileRef = A314AD15178D9254000E4719 /* ic_loading@2x.png */; };
		A314AD19178EDF27000E4719 /* ic_comment@2x.png in Resources */ = {isa = PBXBuildFile; fileRef = A314AD17178EDF27000E4719 /* ic_comment@2x.png */; };
		A314AD1A178EDF27000E4719 /* ic_like@2x.png in Resources */ = {isa = PBXBuildFile; fileRef = A314AD18178EDF27000E4719 /* ic_like@2x.png */; };
		A314AD1C178EE211000E4719 /* btn_youtube@2x.png in Resources */ = {isa = PBXBuildFile; fileRef = A314AD1B178EE211000E4719 /* btn_youtube@2x.png */; };
		A314AD1F178EEB3E000E4719 /* ic_directions@2x.png in Resources */ = {isa = PBXBuildFile; fileRef = A314AD1D178EEB3E000E4719 /* ic_directions@2x.png */; };
		A314AD20178EEB3E000E4719 /* ic_ingredients@2x.png in Resources */ = {isa = PBXBuildFile; fileRef = A314AD1E178EEB3E000E4719 /* ic_ingredients@2x.png */; };
		A32DC112177046E300DDFE84 /* page_arrow_left@2x.png in Resources */ = {isa = PBXBuildFile; fileRef = A32DC110177046E300DDFE84 /* page_arrow_left@2x.png */; };
		A32DC113177046E300DDFE84 /* page_arrow_right@2x.png in Resources */ = {isa = PBXBuildFile; fileRef = A32DC111177046E300DDFE84 /* page_arrow_right@2x.png */; };
		A33DD4CA175C567A009A3EA2 /* icon-72.png in Resources */ = {isa = PBXBuildFile; fileRef = A33DD4C9175C567A009A3EA2 /* icon-72.png */; };
		A33DD4CD175C5930009A3EA2 /* icon144.png in Resources */ = {isa = PBXBuildFile; fileRef = A33DD4CB175C57AD009A3EA2 /* icon144.png */; };
		A33DD4CF175C5984009A3EA2 /* icon.png in Resources */ = {isa = PBXBuildFile; fileRef = A33DD4CE175C5984009A3EA2 /* icon.png */; };
		A33DD4D1175C5994009A3EA2 /* icon@2x.png in Resources */ = {isa = PBXBuildFile; fileRef = A33DD4D0175C5994009A3EA2 /* icon@2x.png */; };
		A39275EF179A89DE00FC8AB1 /* LikeListViewController.m in Sources */ = {isa = PBXBuildFile; fileRef = A39275ED179A89DE00FC8AB1 /* LikeListViewController.m */; };
		A39275F2179A92F800FC8AB1 /* ic_like_circle@2x.png in Resources */ = {isa = PBXBuildFile; fileRef = A39275F1179A92F800FC8AB1 /* ic_like_circle@2x.png */; };
		A392761917B10E8B00FC8AB1 /* GMGridView.m in Sources */ = {isa = PBXBuildFile; fileRef = A392760F17B10E8B00FC8AB1 /* GMGridView.m */; };
		A392761A17B10E8B00FC8AB1 /* GMGridViewCell.m in Sources */ = {isa = PBXBuildFile; fileRef = A392761117B10E8B00FC8AB1 /* GMGridViewCell.m */; };
		A392761B17B10E8B00FC8AB1 /* GMGridViewLayoutStrategies.m in Sources */ = {isa = PBXBuildFile; fileRef = A392761417B10E8B00FC8AB1 /* GMGridViewLayoutStrategies.m */; };
		A392761C17B10E8B00FC8AB1 /* UIGestureRecognizer+GMGridViewAdditions.m in Sources */ = {isa = PBXBuildFile; fileRef = A392761617B10E8B00FC8AB1 /* UIGestureRecognizer+GMGridViewAdditions.m */; };
		A392761D17B10E8B00FC8AB1 /* UIView+GMGridViewAdditions.m in Sources */ = {isa = PBXBuildFile; fileRef = A392761817B10E8B00FC8AB1 /* UIView+GMGridViewAdditions.m */; };
		A392762217B39EF600FC8AB1 /* BlogListViewController.m in Sources */ = {isa = PBXBuildFile; fileRef = A392762117B39EF600FC8AB1 /* BlogListViewController.m */; };
		A392762517B39F7800FC8AB1 /* BlogWebViewController.m in Sources */ = {isa = PBXBuildFile; fileRef = A392762417B39F7800FC8AB1 /* BlogWebViewController.m */; };
		A392762717B3A2E300FC8AB1 /* ic_web.png in Resources */ = {isa = PBXBuildFile; fileRef = A392762617B3A2E200FC8AB1 /* ic_web.png */; };
		A3CE345217701F600032660F /* AFHTTPClient.m in Sources */ = {isa = PBXBuildFile; fileRef = A3CE344017701F600032660F /* AFHTTPClient.m */; };
		A3CE345317701F600032660F /* AFHTTPRequestOperation.m in Sources */ = {isa = PBXBuildFile; fileRef = A3CE344217701F600032660F /* AFHTTPRequestOperation.m */; };
		A3CE345417701F600032660F /* AFImageRequestOperation.m in Sources */ = {isa = PBXBuildFile; fileRef = A3CE344417701F600032660F /* AFImageRequestOperation.m */; };
		A3CE345517701F600032660F /* AFJSONRequestOperation.m in Sources */ = {isa = PBXBuildFile; fileRef = A3CE344617701F600032660F /* AFJSONRequestOperation.m */; };
		A3CE345617701F600032660F /* AFNetworkActivityIndicatorManager.m in Sources */ = {isa = PBXBuildFile; fileRef = A3CE344817701F600032660F /* AFNetworkActivityIndicatorManager.m */; };
		A3CE345717701F600032660F /* AFPropertyListRequestOperation.m in Sources */ = {isa = PBXBuildFile; fileRef = A3CE344B17701F600032660F /* AFPropertyListRequestOperation.m */; };
		A3CE345817701F600032660F /* AFURLConnectionOperation.m in Sources */ = {isa = PBXBuildFile; fileRef = A3CE344D17701F600032660F /* AFURLConnectionOperation.m */; };
		A3CE345917701F600032660F /* AFXMLRequestOperation.m in Sources */ = {isa = PBXBuildFile; fileRef = A3CE344F17701F600032660F /* AFXMLRequestOperation.m */; };
		A3CE345A17701F600032660F /* UIImageView+AFNetworking.m in Sources */ = {isa = PBXBuildFile; fileRef = A3CE345117701F600032660F /* UIImageView+AFNetworking.m */; };
		A3D0D50217489E7B006C0AA9 /* HttpApi.m in Sources */ = {isa = PBXBuildFile; fileRef = A3D0D50117489E7B006C0AA9 /* HttpApi.m */; };
		A3D0D50717489E89006C0AA9 /* CommonUI.m in Sources */ = {isa = PBXBuildFile; fileRef = A3D0D50417489E89006C0AA9 /* CommonUI.m */; };
		A3D0D50817489E89006C0AA9 /* FileControl.m in Sources */ = {isa = PBXBuildFile; fileRef = A3D0D50617489E89006C0AA9 /* FileControl.m */; };
		A3D0D50B17489E98006C0AA9 /* GDataXMLNode.m in Sources */ = {isa = PBXBuildFile; fileRef = A3D0D50A17489E98006C0AA9 /* GDataXMLNode.m */; settings = {COMPILER_FLAGS = "-fno-objc-arc"; }; };
		A3D0D51717489F4C006C0AA9 /* RecipeModel.xcdatamodeld in Sources */ = {isa = PBXBuildFile; fileRef = A3D0D51517489F4C006C0AA9 /* RecipeModel.xcdatamodeld */; };
		A3D0D51917489FD2006C0AA9 /* CoreData.framework in Frameworks */ = {isa = PBXBuildFile; fileRef = A3D0D51817489FD2006C0AA9 /* CoreData.framework */; };
		A3D0D51C1748A46B006C0AA9 /* CoreDataManager.m in Sources */ = {isa = PBXBuildFile; fileRef = A3D0D51B1748A46B006C0AA9 /* CoreDataManager.m */; };
		A3D0D55D1748F8FA006C0AA9 /* AttatchMent.m in Sources */ = {isa = PBXBuildFile; fileRef = A3D0D55C1748F8FA006C0AA9 /* AttatchMent.m */; };
		A3D0D5611748FBAF006C0AA9 /* AsyncImageView.m in Sources */ = {isa = PBXBuildFile; fileRef = A3D0D5601748FBAF006C0AA9 /* AsyncImageView.m */; };
		A3D0D566174903DB006C0AA9 /* RecipeViewController.m in Sources */ = {isa = PBXBuildFile; fileRef = A3D0D565174903DB006C0AA9 /* RecipeViewController.m */; };
		A3D0D569174903FD006C0AA9 /* RecipeView.m in Sources */ = {isa = PBXBuildFile; fileRef = A3D0D568174903FD006C0AA9 /* RecipeView.m */; };
		A3DEA0F4178D3D8D0041E259 /* ODRefreshControl.m in Sources */ = {isa = PBXBuildFile; fileRef = A3DEA0F3178D3D8D0041E259 /* ODRefreshControl.m */; };
		A3E12E0D177EAE9E00D512A0 /* SDURLCache.m in Sources */ = {isa = PBXBuildFile; fileRef = A3E12E0C177EAE9E00D512A0 /* SDURLCache.m */; };
		A3E530D217507B5700C651F3 /* AppPreference.m in Sources */ = {isa = PBXBuildFile; fileRef = A3E530D117507B5700C651F3 /* AppPreference.m */; };
		A3E6CC4617B4AADB00A83905 /* MMDrawerBarButtonItem.m in Sources */ = {isa = PBXBuildFile; fileRef = A3E6CC3F17B4AADB00A83905 /* MMDrawerBarButtonItem.m */; };
		A3E6CC4717B4AADB00A83905 /* MMDrawerController.m in Sources */ = {isa = PBXBuildFile; fileRef = A3E6CC4117B4AADB00A83905 /* MMDrawerController.m */; };
		A3E6CC4817B4AADB00A83905 /* MMDrawerVisualState.m in Sources */ = {isa = PBXBuildFile; fileRef = A3E6CC4317B4AADB00A83905 /* MMDrawerVisualState.m */; };
		A3E6CC4917B4AADB00A83905 /* UIViewController+MMDrawerController.m in Sources */ = {isa = PBXBuildFile; fileRef = A3E6CC4517B4AADB00A83905 /* UIViewController+MMDrawerController.m */; };
		A3E6CC4D17B4AB9000A83905 /* SideViewController.m in Sources */ = {isa = PBXBuildFile; fileRef = A3E6CC4C17B4AB9000A83905 /* SideViewController.m */; };
		A3E6CC5017B4ACC000A83905 /* MMExampleDrawerVisualStateManager.m in Sources */ = {isa = PBXBuildFile; fileRef = A3E6CC4F17B4ACC000A83905 /* MMExampleDrawerVisualStateManager.m */; };
		A3E6CC5217B4C51A00A83905 /* ic_kakaotalk.png in Resources */ = {isa = PBXBuildFile; fileRef = A3E6CC5117B4C51A00A83905 /* ic_kakaotalk.png */; };
		A3E6CC5817B4C7F100A83905 /* KakaoLinkCenter.m in Sources */ = {isa = PBXBuildFile; fileRef = A3E6CC5717B4C7F100A83905 /* KakaoLinkCenter.m */; settings = {COMPILER_FLAGS = "-fno-objc-arc"; }; };
		A3E6CC5C17B4C93300A83905 /* JSONKit.m in Sources */ = {isa = PBXBuildFile; fileRef = A3E6CC5B17B4C93300A83905 /* JSONKit.m */; settings = {COMPILER_FLAGS = "-fno-objc-arc"; }; };
		A3E6CC5E17B4CDB700A83905 /* abs_spinner_default.png in Resources */ = {isa = PBXBuildFile; fileRef = A3E6CC5D17B4CDB600A83905 /* abs_spinner_default.png */; };
		A3E6CC6117B4D0D800A83905 /* AlignPopView.m in Sources */ = {isa = PBXBuildFile; fileRef = A3E6CC6017B4D0D800A83905 /* AlignPopView.m */; };
		A3F63CC917941B9500D42883 /* TTTTimeIntervalFormatter.m in Sources */ = {isa = PBXBuildFile; fileRef = A3F63CC817941B9500D42883 /* TTTTimeIntervalFormatter.m */; };
		A3F63CCD179459B900D42883 /* libz.dylib in Frameworks */ = {isa = PBXBuildFile; fileRef = A3F63CCC179459B800D42883 /* libz.dylib */; };
		A3F63CCF179459C700D42883 /* libsqlite3.dylib in Frameworks */ = {isa = PBXBuildFile; fileRef = A3F63CCE179459C700D42883 /* libsqlite3.dylib */; };
		A3F63CDE17945AFF00D42883 /* libLocalyticsAMP.a in Frameworks */ = {isa = PBXBuildFile; fileRef = A3F63CDA17945AFF00D42883 /* libLocalyticsAMP.a */; };
		A3F63CDF17945AFF00D42883 /* LICENSE in Resources */ = {isa = PBXBuildFile; fileRef = A3F63CDB17945AFF00D42883 /* LICENSE */; };
		A3FB73171743DE9700413AE8 /* UIKit.framework in Frameworks */ = {isa = PBXBuildFile; fileRef = A3FB73161743DE9700413AE8 /* UIKit.framework */; };
		A3FB73191743DE9700413AE8 /* Foundation.framework in Frameworks */ = {isa = PBXBuildFile; fileRef = A3FB73181743DE9700413AE8 /* Foundation.framework */; };
		A3FB731B1743DE9700413AE8 /* CoreGraphics.framework in Frameworks */ = {isa = PBXBuildFile; fileRef = A3FB731A1743DE9700413AE8 /* CoreGraphics.framework */; };
		A3FB73211743DE9700413AE8 /* InfoPlist.strings in Resources */ = {isa = PBXBuildFile; fileRef = A3FB731F1743DE9700413AE8 /* InfoPlist.strings */; };
		A3FB73231743DE9700413AE8 /* main.m in Sources */ = {isa = PBXBuildFile; fileRef = A3FB73221743DE9700413AE8 /* main.m */; };
		A3FB73271743DE9700413AE8 /* AppDelegate.m in Sources */ = {isa = PBXBuildFile; fileRef = A3FB73261743DE9700413AE8 /* AppDelegate.m */; };
		A3FB73291743DE9700413AE8 /* Default.png in Resources */ = {isa = PBXBuildFile; fileRef = A3FB73281743DE9700413AE8 /* Default.png */; };
		A3FB732B1743DE9700413AE8 /* Default@2x.png in Resources */ = {isa = PBXBuildFile; fileRef = A3FB732A1743DE9700413AE8 /* Default@2x.png */; };
		A3FB732D1743DE9700413AE8 /* Default-568h@2x.png in Resources */ = {isa = PBXBuildFile; fileRef = A3FB732C1743DE9700413AE8 /* Default-568h@2x.png */; };
		A3FB73351743DE9700413AE8 /* SenTestingKit.framework in Frameworks */ = {isa = PBXBuildFile; fileRef = A3FB73341743DE9700413AE8 /* SenTestingKit.framework */; };
		A3FB73361743DE9700413AE8 /* UIKit.framework in Frameworks */ = {isa = PBXBuildFile; fileRef = A3FB73161743DE9700413AE8 /* UIKit.framework */; };
		A3FB73371743DE9700413AE8 /* Foundation.framework in Frameworks */ = {isa = PBXBuildFile; fileRef = A3FB73181743DE9700413AE8 /* Foundation.framework */; };
		A3FB733F1743DE9700413AE8 /* InfoPlist.strings in Resources */ = {isa = PBXBuildFile; fileRef = A3FB733D1743DE9700413AE8 /* InfoPlist.strings */; };
		A3FB73421743DE9700413AE8 /* NakoRecipeTests.m in Sources */ = {isa = PBXBuildFile; fileRef = A3FB73411743DE9700413AE8 /* NakoRecipeTests.m */; };
		A3FB734E1743E1D000413AE8 /* PinterestViewController.m in Sources */ = {isa = PBXBuildFile; fileRef = A3FB734D1743E1D000413AE8 /* PinterestViewController.m */; };
		A3FB73601743EC1900413AE8 /* QuartzCore.framework in Frameworks */ = {isa = PBXBuildFile; fileRef = A3FB735F1743EC1900413AE8 /* QuartzCore.framework */; };
		A3FB736317445B3000413AE8 /* RecipePinterest.m in Sources */ = {isa = PBXBuildFile; fileRef = A3FB736217445B3000413AE8 /* RecipePinterest.m */; };
/* End PBXBuildFile section */

/* Begin PBXContainerItemProxy section */
		A3FB73381743DE9700413AE8 /* PBXContainerItemProxy */ = {
			isa = PBXContainerItemProxy;
			containerPortal = A3FB730B1743DE9700413AE8 /* Project object */;
			proxyType = 1;
			remoteGlobalIDString = A3FB73121743DE9700413AE8;
			remoteInfo = NakoRecipe;
		};
/* End PBXContainerItemProxy section */

/* Begin PBXFileReference section */
		2249DFEF1794DE88007D951B /* CustomAlert.h */ = {isa = PBXFileReference; fileEncoding = 4; lastKnownFileType = sourcecode.c.h; name = CustomAlert.h; path = source/MainUI/CustomAlert/CustomAlert.h; sourceTree = "<group>"; };
		2249DFF01794DE88007D951B /* CustomAlert.m */ = {isa = PBXFileReference; fileEncoding = 4; lastKnownFileType = sourcecode.c.objc; name = CustomAlert.m; path = source/MainUI/CustomAlert/CustomAlert.m; sourceTree = "<group>"; };
		224B4AB8174B9E7E00CE7A9B /* 세발자전거L.TTF */ = {isa = PBXFileReference; lastKnownFileType = file; name = "세발자전거L.TTF"; path = "resource/font/세발자전거L.TTF"; sourceTree = "<group>"; };
		224B4AB9174B9E7E00CE7A9B /* 테트리스L.TTF */ = {isa = PBXFileReference; lastKnownFileType = file; name = "테트리스L.TTF"; path = "resource/font/테트리스L.TTF"; sourceTree = "<group>"; };
		22544C26175726E0008628D0 /* RecipeCommentView.h */ = {isa = PBXFileReference; fileEncoding = 4; lastKnownFileType = sourcecode.c.h; name = RecipeCommentView.h; path = source/MainUI/RecipeView/RecipeCommentView.h; sourceTree = "<group>"; };
		22544C27175726E1008628D0 /* RecipeCommentView.m */ = {isa = PBXFileReference; fileEncoding = 4; lastKnownFileType = sourcecode.c.objc; name = RecipeCommentView.m; path = source/MainUI/RecipeView/RecipeCommentView.m; sourceTree = "<group>"; };
		226072C81744C06700CF3EAA /* Icons-chat@2x.png */ = {isa = PBXFileReference; lastKnownFileType = image.png; name = "Icons-chat@2x.png"; path = "resource/Icons-chat@2x.png"; sourceTree = "<group>"; };
		226072C91744C06700CF3EAA /* Icons-comments@2x.png */ = {isa = PBXFileReference; lastKnownFileType = image.png; name = "Icons-comments@2x.png"; path = "resource/Icons-comments@2x.png"; sourceTree = "<group>"; };
		226072CA1744C06700CF3EAA /* Icons-h@2x.png */ = {isa = PBXFileReference; lastKnownFileType = image.png; name = "Icons-h@2x.png"; path = "resource/Icons-h@2x.png"; sourceTree = "<group>"; };
		226072CE1744D5D200CF3EAA /* Icons-chat_black@2x.png */ = {isa = PBXFileReference; lastKnownFileType = image.png; name = "Icons-chat_black@2x.png"; path = "resource/Icons-chat_black@2x.png"; sourceTree = "<group>"; };
		226072CF1744D5D200CF3EAA /* Icons-comments_black@2x.png */ = {isa = PBXFileReference; lastKnownFileType = image.png; name = "Icons-comments_black@2x.png"; path = "resource/Icons-comments_black@2x.png"; sourceTree = "<group>"; };
		226072D01744D5D200CF3EAA /* Icons-h_black@2x.png */ = {isa = PBXFileReference; lastKnownFileType = image.png; name = "Icons-h_black@2x.png"; path = "resource/Icons-h_black@2x.png"; sourceTree = "<group>"; };
		226072DC17450C0600CF3EAA /* libxml2.2.dylib */ = {isa = PBXFileReference; lastKnownFileType = "compiled.mach-o.dylib"; name = libxml2.2.dylib; path = usr/lib/libxml2.2.dylib; sourceTree = SDKROOT; };
		226072DE174B2F5100CF3EAA /* SystemInfo.h */ = {isa = PBXFileReference; fileEncoding = 4; lastKnownFileType = sourcecode.c.h; name = SystemInfo.h; path = source/Util/System/SystemInfo.h; sourceTree = "<group>"; };
		226072DF174B2F5100CF3EAA /* SystemInfo.m */ = {isa = PBXFileReference; fileEncoding = 4; lastKnownFileType = sourcecode.c.objc; name = SystemInfo.m; path = source/Util/System/SystemInfo.m; sourceTree = "<group>"; };
		226DFC77175C47BB007E4749 /* GADAdMobExtras.h */ = {isa = PBXFileReference; fileEncoding = 4; lastKnownFileType = sourcecode.c.h; name = GADAdMobExtras.h; path = source/Util/ExternSource/GoogleAdMob/GADAdMobExtras.h; sourceTree = "<group>"; };
		226DFC78175C47BB007E4749 /* GADAdNetworkExtras.h */ = {isa = PBXFileReference; fileEncoding = 4; lastKnownFileType = sourcecode.c.h; name = GADAdNetworkExtras.h; path = source/Util/ExternSource/GoogleAdMob/GADAdNetworkExtras.h; sourceTree = "<group>"; };
		226DFC79175C47BB007E4749 /* GADAdSize.h */ = {isa = PBXFileReference; fileEncoding = 4; lastKnownFileType = sourcecode.c.h; name = GADAdSize.h; path = source/Util/ExternSource/GoogleAdMob/GADAdSize.h; sourceTree = "<group>"; };
		226DFC7A175C47BB007E4749 /* GADBannerView.h */ = {isa = PBXFileReference; fileEncoding = 4; lastKnownFileType = sourcecode.c.h; name = GADBannerView.h; path = source/Util/ExternSource/GoogleAdMob/GADBannerView.h; sourceTree = "<group>"; };
		226DFC7B175C47BB007E4749 /* GADBannerViewDelegate.h */ = {isa = PBXFileReference; fileEncoding = 4; lastKnownFileType = sourcecode.c.h; name = GADBannerViewDelegate.h; path = source/Util/ExternSource/GoogleAdMob/GADBannerViewDelegate.h; sourceTree = "<group>"; };
		226DFC7C175C47BB007E4749 /* GADInterstitial.h */ = {isa = PBXFileReference; fileEncoding = 4; lastKnownFileType = sourcecode.c.h; name = GADInterstitial.h; path = source/Util/ExternSource/GoogleAdMob/GADInterstitial.h; sourceTree = "<group>"; };
		226DFC7D175C47BB007E4749 /* GADInterstitialDelegate.h */ = {isa = PBXFileReference; fileEncoding = 4; lastKnownFileType = sourcecode.c.h; name = GADInterstitialDelegate.h; path = source/Util/ExternSource/GoogleAdMob/GADInterstitialDelegate.h; sourceTree = "<group>"; };
		226DFC7E175C47BB007E4749 /* GADRequest.h */ = {isa = PBXFileReference; fileEncoding = 4; lastKnownFileType = sourcecode.c.h; name = GADRequest.h; path = source/Util/ExternSource/GoogleAdMob/GADRequest.h; sourceTree = "<group>"; };
		226DFC7F175C47BC007E4749 /* GADRequestError.h */ = {isa = PBXFileReference; fileEncoding = 4; lastKnownFileType = sourcecode.c.h; name = GADRequestError.h; path = source/Util/ExternSource/GoogleAdMob/GADRequestError.h; sourceTree = "<group>"; };
		226DFC80175C47BC007E4749 /* libGoogleAdMobAds.a */ = {isa = PBXFileReference; lastKnownFileType = archive.ar; name = libGoogleAdMobAds.a; path = source/Util/ExternSource/GoogleAdMob/libGoogleAdMobAds.a; sourceTree = "<group>"; };
		226DFC82175C48F3007E4749 /* AudioToolbox.framework */ = {isa = PBXFileReference; lastKnownFileType = wrapper.framework; name = AudioToolbox.framework; path = System/Library/Frameworks/AudioToolbox.framework; sourceTree = SDKROOT; };
		226DFC84175C48FC007E4749 /* MessageUI.framework */ = {isa = PBXFileReference; lastKnownFileType = wrapper.framework; name = MessageUI.framework; path = System/Library/Frameworks/MessageUI.framework; sourceTree = SDKROOT; };
		226DFC86175C4904007E4749 /* SystemConfiguration.framework */ = {isa = PBXFileReference; lastKnownFileType = wrapper.framework; name = SystemConfiguration.framework; path = System/Library/Frameworks/SystemConfiguration.framework; sourceTree = SDKROOT; };
		226DFC88175C497C007E4749 /* StoreKit.framework */ = {isa = PBXFileReference; lastKnownFileType = wrapper.framework; name = StoreKit.framework; path = System/Library/Frameworks/StoreKit.framework; sourceTree = SDKROOT; };
		2272B7D61758986900BDD89B /* FacebookSDK.framework */ = {isa = PBXFileReference; lastKnownFileType = wrapper.framework; name = FacebookSDK.framework; path = NakoRecipe/source/Util/ExternSource/FacebookSDK.framework; sourceTree = "<group>"; };
		2272B7D817589A6C00BDD89B /* AdSupport.framework */ = {isa = PBXFileReference; lastKnownFileType = wrapper.framework; name = AdSupport.framework; path = System/Library/Frameworks/AdSupport.framework; sourceTree = SDKROOT; };
		2272B7DA17589A7200BDD89B /* Social.framework */ = {isa = PBXFileReference; lastKnownFileType = wrapper.framework; name = Social.framework; path = System/Library/Frameworks/Social.framework; sourceTree = SDKROOT; };
		2272B7DC17589A7900BDD89B /* Accounts.framework */ = {isa = PBXFileReference; lastKnownFileType = wrapper.framework; name = Accounts.framework; path = System/Library/Frameworks/Accounts.framework; sourceTree = SDKROOT; };
		2272B7DE17589C8000BDD89B /* Security.framework */ = {isa = PBXFileReference; lastKnownFileType = wrapper.framework; name = Security.framework; path = System/Library/Frameworks/Security.framework; sourceTree = SDKROOT; };
		22D4B470174CB59A00F91441 /* Post.h */ = {isa = PBXFileReference; fileEncoding = 4; lastKnownFileType = sourcecode.c.h; name = Post.h; path = source/Util/System/CoreData/Post.h; sourceTree = "<group>"; };
		22D4B471174CB59A00F91441 /* Post.m */ = {isa = PBXFileReference; fileEncoding = 4; lastKnownFileType = sourcecode.c.objc; name = Post.m; path = source/Util/System/CoreData/Post.m; sourceTree = "<group>"; };
		22D4B474174DF5BD00F91441 /* DefaultJSON.htm */ = {isa = PBXFileReference; fileEncoding = 4; lastKnownFileType = text.html; name = DefaultJSON.htm; path = resource/DefaultJSON/DefaultJSON.htm; sourceTree = "<group>"; };
		22D4B476174DFFDE00F91441 /* HttpAsyncApi.h */ = {isa = PBXFileReference; fileEncoding = 4; lastKnownFileType = sourcecode.c.h; name = HttpAsyncApi.h; path = source/Util/System/HttpApi/HttpAsyncApi.h; sourceTree = "<group>"; };
		22D4B477174DFFDE00F91441 /* HttpAsyncApi.m */ = {isa = PBXFileReference; fileEncoding = 4; lastKnownFileType = sourcecode.c.objc; name = HttpAsyncApi.m; path = source/Util/System/HttpApi/HttpAsyncApi.m; sourceTree = "<group>"; };
		A30844F6178FEF0B002524E1 /* btn_like.png */ = {isa = PBXFileReference; lastKnownFileType = image.png; name = btn_like.png; path = resource/btn_like.png; sourceTree = "<group>"; };
		A30844F7178FEF0B002524E1 /* btn_unlike.png */ = {isa = PBXFileReference; lastKnownFileType = image.png; name = btn_unlike.png; path = resource/btn_unlike.png; sourceTree = "<group>"; };
		A30844FA17917B85002524E1 /* btn_send@2x.png */ = {isa = PBXFileReference; lastKnownFileType = image.png; name = "btn_send@2x.png"; path = "resource/btn_send@2x.png"; sourceTree = "<group>"; };
		A30844FC1792DC6C002524E1 /* ic_facebook.png */ = {isa = PBXFileReference; lastKnownFileType = image.png; name = ic_facebook.png; path = resource/ic_facebook.png; sourceTree = "<group>"; };
		A30844FE1792DD0A002524E1 /* ic_blank_profile@2x.png */ = {isa = PBXFileReference; lastKnownFileType = image.png; name = "ic_blank_profile@2x.png"; path = "resource/ic_blank_profile@2x.png"; sourceTree = "<group>"; };
		A30844FF1792DD0A002524E1 /* ic_overflow.png */ = {isa = PBXFileReference; lastKnownFileType = image.png; name = ic_overflow.png; path = resource/ic_overflow.png; sourceTree = "<group>"; };
		A314AD15178D9254000E4719 /* ic_loading@2x.png */ = {isa = PBXFileReference; lastKnownFileType = image.png; name = "ic_loading@2x.png"; path = "resource/ic_loading@2x.png"; sourceTree = "<group>"; };
		A314AD17178EDF27000E4719 /* ic_comment@2x.png */ = {isa = PBXFileReference; lastKnownFileType = image.png; name = "ic_comment@2x.png"; path = "resource/ic_comment@2x.png"; sourceTree = "<group>"; };
		A314AD18178EDF27000E4719 /* ic_like@2x.png */ = {isa = PBXFileReference; lastKnownFileType = image.png; name = "ic_like@2x.png"; path = "resource/ic_like@2x.png"; sourceTree = "<group>"; };
		A314AD1B178EE211000E4719 /* btn_youtube@2x.png */ = {isa = PBXFileReference; lastKnownFileType = image.png; name = "btn_youtube@2x.png"; path = "resource/btn_youtube@2x.png"; sourceTree = "<group>"; };
		A314AD1D178EEB3E000E4719 /* ic_directions@2x.png */ = {isa = PBXFileReference; lastKnownFileType = image.png; name = "ic_directions@2x.png"; path = "resource/ic_directions@2x.png"; sourceTree = "<group>"; };
		A314AD1E178EEB3E000E4719 /* ic_ingredients@2x.png */ = {isa = PBXFileReference; lastKnownFileType = image.png; name = "ic_ingredients@2x.png"; path = "resource/ic_ingredients@2x.png"; sourceTree = "<group>"; };
		A32DC110177046E300DDFE84 /* page_arrow_left@2x.png */ = {isa = PBXFileReference; lastKnownFileType = image.png; name = "page_arrow_left@2x.png"; path = "resource/page_arrow_left@2x.png"; sourceTree = "<group>"; };
		A32DC111177046E300DDFE84 /* page_arrow_right@2x.png */ = {isa = PBXFileReference; lastKnownFileType = image.png; name = "page_arrow_right@2x.png"; path = "resource/page_arrow_right@2x.png"; sourceTree = "<group>"; };
		A33DD4C9175C567A009A3EA2 /* icon-72.png */ = {isa = PBXFileReference; lastKnownFileType = image.png; name = "icon-72.png"; path = "../icon-72.png"; sourceTree = "<group>"; };
		A33DD4CB175C57AD009A3EA2 /* icon144.png */ = {isa = PBXFileReference; lastKnownFileType = image.png; name = icon144.png; path = ../icon144.png; sourceTree = "<group>"; };
		A33DD4CE175C5984009A3EA2 /* icon.png */ = {isa = PBXFileReference; lastKnownFileType = image.png; name = icon.png; path = ../icon.png; sourceTree = "<group>"; };
		A33DD4D0175C5994009A3EA2 /* icon@2x.png */ = {isa = PBXFileReference; lastKnownFileType = image.png; name = "icon@2x.png"; path = "../icon@2x.png"; sourceTree = "<group>"; };
		A39275EC179A89DE00FC8AB1 /* LikeListViewController.h */ = {isa = PBXFileReference; fileEncoding = 4; lastKnownFileType = sourcecode.c.h; name = LikeListViewController.h; path = source/MainUI/LikeListViews/LikeListViewController.h; sourceTree = "<group>"; };
		A39275ED179A89DE00FC8AB1 /* LikeListViewController.m */ = {isa = PBXFileReference; fileEncoding = 4; lastKnownFileType = sourcecode.c.objc; name = LikeListViewController.m; path = source/MainUI/LikeListViews/LikeListViewController.m; sourceTree = "<group>"; };
		A39275F1179A92F800FC8AB1 /* ic_like_circle@2x.png */ = {isa = PBXFileReference; lastKnownFileType = image.png; name = "ic_like_circle@2x.png"; path = "resource/ic_like_circle@2x.png"; sourceTree = "<group>"; };
		A392760D17B10E8B00FC8AB1 /* GMGridView-Constants.h */ = {isa = PBXFileReference; fileEncoding = 4; lastKnownFileType = sourcecode.c.h; name = "GMGridView-Constants.h"; path = "source/Util/ExternSource/GMGridVieew/GMGridView-Constants.h"; sourceTree = "<group>"; };
		A392760E17B10E8B00FC8AB1 /* GMGridView.h */ = {isa = PBXFileReference; fileEncoding = 4; lastKnownFileType = sourcecode.c.h; name = GMGridView.h; path = source/Util/ExternSource/GMGridVieew/GMGridView.h; sourceTree = "<group>"; };
		A392760F17B10E8B00FC8AB1 /* GMGridView.m */ = {isa = PBXFileReference; fileEncoding = 4; lastKnownFileType = sourcecode.c.objc; name = GMGridView.m; path = source/Util/ExternSource/GMGridVieew/GMGridView.m; sourceTree = "<group>"; };
		A392761017B10E8B00FC8AB1 /* GMGridViewCell.h */ = {isa = PBXFileReference; fileEncoding = 4; lastKnownFileType = sourcecode.c.h; name = GMGridViewCell.h; path = source/Util/ExternSource/GMGridVieew/GMGridViewCell.h; sourceTree = "<group>"; };
		A392761117B10E8B00FC8AB1 /* GMGridViewCell.m */ = {isa = PBXFileReference; fileEncoding = 4; lastKnownFileType = sourcecode.c.objc; name = GMGridViewCell.m; path = source/Util/ExternSource/GMGridVieew/GMGridViewCell.m; sourceTree = "<group>"; };
		A392761217B10E8B00FC8AB1 /* GMGridViewCell+Extended.h */ = {isa = PBXFileReference; fileEncoding = 4; lastKnownFileType = sourcecode.c.h; name = "GMGridViewCell+Extended.h"; path = "source/Util/ExternSource/GMGridVieew/GMGridViewCell+Extended.h"; sourceTree = "<group>"; };
		A392761317B10E8B00FC8AB1 /* GMGridViewLayoutStrategies.h */ = {isa = PBXFileReference; fileEncoding = 4; lastKnownFileType = sourcecode.c.h; name = GMGridViewLayoutStrategies.h; path = source/Util/ExternSource/GMGridVieew/GMGridViewLayoutStrategies.h; sourceTree = "<group>"; };
		A392761417B10E8B00FC8AB1 /* GMGridViewLayoutStrategies.m */ = {isa = PBXFileReference; fileEncoding = 4; lastKnownFileType = sourcecode.c.objc; name = GMGridViewLayoutStrategies.m; path = source/Util/ExternSource/GMGridVieew/GMGridViewLayoutStrategies.m; sourceTree = "<group>"; };
		A392761517B10E8B00FC8AB1 /* UIGestureRecognizer+GMGridViewAdditions.h */ = {isa = PBXFileReference; fileEncoding = 4; lastKnownFileType = sourcecode.c.h; name = "UIGestureRecognizer+GMGridViewAdditions.h"; path = "source/Util/ExternSource/GMGridVieew/UIGestureRecognizer+GMGridViewAdditions.h"; sourceTree = "<group>"; };
		A392761617B10E8B00FC8AB1 /* UIGestureRecognizer+GMGridViewAdditions.m */ = {isa = PBXFileReference; fileEncoding = 4; lastKnownFileType = sourcecode.c.objc; name = "UIGestureRecognizer+GMGridViewAdditions.m"; path = "source/Util/ExternSource/GMGridVieew/UIGestureRecognizer+GMGridViewAdditions.m"; sourceTree = "<group>"; };
		A392761717B10E8B00FC8AB1 /* UIView+GMGridViewAdditions.h */ = {isa = PBXFileReference; fileEncoding = 4; lastKnownFileType = sourcecode.c.h; name = "UIView+GMGridViewAdditions.h"; path = "source/Util/ExternSource/GMGridVieew/UIView+GMGridViewAdditions.h"; sourceTree = "<group>"; };
		A392761817B10E8B00FC8AB1 /* UIView+GMGridViewAdditions.m */ = {isa = PBXFileReference; fileEncoding = 4; lastKnownFileType = sourcecode.c.objc; name = "UIView+GMGridViewAdditions.m"; path = "source/Util/ExternSource/GMGridVieew/UIView+GMGridViewAdditions.m"; sourceTree = "<group>"; };
		A392762017B39EF600FC8AB1 /* BlogListViewController.h */ = {isa = PBXFileReference; fileEncoding = 4; lastKnownFileType = sourcecode.c.h; name = BlogListViewController.h; path = source/MainUI/BlogListViews/BlogListViewController.h; sourceTree = "<group>"; };
		A392762117B39EF600FC8AB1 /* BlogListViewController.m */ = {isa = PBXFileReference; fileEncoding = 4; lastKnownFileType = sourcecode.c.objc; name = BlogListViewController.m; path = source/MainUI/BlogListViews/BlogListViewController.m; sourceTree = "<group>"; };
		A392762317B39F7800FC8AB1 /* BlogWebViewController.h */ = {isa = PBXFileReference; fileEncoding = 4; lastKnownFileType = sourcecode.c.h; name = BlogWebViewController.h; path = source/MainUI/BlogListViews/BlogWebViewController.h; sourceTree = "<group>"; };
		A392762417B39F7800FC8AB1 /* BlogWebViewController.m */ = {isa = PBXFileReference; fileEncoding = 4; lastKnownFileType = sourcecode.c.objc; name = BlogWebViewController.m; path = source/MainUI/BlogListViews/BlogWebViewController.m; sourceTree = "<group>"; };
		A392762617B3A2E200FC8AB1 /* ic_web.png */ = {isa = PBXFileReference; lastKnownFileType = image.png; name = ic_web.png; path = resource/ic_web.png; sourceTree = "<group>"; };
		A3CE343F17701F600032660F /* AFHTTPClient.h */ = {isa = PBXFileReference; fileEncoding = 4; lastKnownFileType = sourcecode.c.h; name = AFHTTPClient.h; path = source/Util/ExternSource/AFNetworking/AFHTTPClient.h; sourceTree = "<group>"; };
		A3CE344017701F600032660F /* AFHTTPClient.m */ = {isa = PBXFileReference; fileEncoding = 4; lastKnownFileType = sourcecode.c.objc; name = AFHTTPClient.m; path = source/Util/ExternSource/AFNetworking/AFHTTPClient.m; sourceTree = "<group>"; };
		A3CE344117701F600032660F /* AFHTTPRequestOperation.h */ = {isa = PBXFileReference; fileEncoding = 4; lastKnownFileType = sourcecode.c.h; name = AFHTTPRequestOperation.h; path = source/Util/ExternSource/AFNetworking/AFHTTPRequestOperation.h; sourceTree = "<group>"; };
		A3CE344217701F600032660F /* AFHTTPRequestOperation.m */ = {isa = PBXFileReference; fileEncoding = 4; lastKnownFileType = sourcecode.c.objc; name = AFHTTPRequestOperation.m; path = source/Util/ExternSource/AFNetworking/AFHTTPRequestOperation.m; sourceTree = "<group>"; };
		A3CE344317701F600032660F /* AFImageRequestOperation.h */ = {isa = PBXFileReference; fileEncoding = 4; lastKnownFileType = sourcecode.c.h; name = AFImageRequestOperation.h; path = source/Util/ExternSource/AFNetworking/AFImageRequestOperation.h; sourceTree = "<group>"; };
		A3CE344417701F600032660F /* AFImageRequestOperation.m */ = {isa = PBXFileReference; fileEncoding = 4; lastKnownFileType = sourcecode.c.objc; name = AFImageRequestOperation.m; path = source/Util/ExternSource/AFNetworking/AFImageRequestOperation.m; sourceTree = "<group>"; };
		A3CE344517701F600032660F /* AFJSONRequestOperation.h */ = {isa = PBXFileReference; fileEncoding = 4; lastKnownFileType = sourcecode.c.h; name = AFJSONRequestOperation.h; path = source/Util/ExternSource/AFNetworking/AFJSONRequestOperation.h; sourceTree = "<group>"; };
		A3CE344617701F600032660F /* AFJSONRequestOperation.m */ = {isa = PBXFileReference; fileEncoding = 4; lastKnownFileType = sourcecode.c.objc; name = AFJSONRequestOperation.m; path = source/Util/ExternSource/AFNetworking/AFJSONRequestOperation.m; sourceTree = "<group>"; };
		A3CE344717701F600032660F /* AFNetworkActivityIndicatorManager.h */ = {isa = PBXFileReference; fileEncoding = 4; lastKnownFileType = sourcecode.c.h; name = AFNetworkActivityIndicatorManager.h; path = source/Util/ExternSource/AFNetworking/AFNetworkActivityIndicatorManager.h; sourceTree = "<group>"; };
		A3CE344817701F600032660F /* AFNetworkActivityIndicatorManager.m */ = {isa = PBXFileReference; fileEncoding = 4; lastKnownFileType = sourcecode.c.objc; name = AFNetworkActivityIndicatorManager.m; path = source/Util/ExternSource/AFNetworking/AFNetworkActivityIndicatorManager.m; sourceTree = "<group>"; };
		A3CE344917701F600032660F /* AFNetworking.h */ = {isa = PBXFileReference; fileEncoding = 4; lastKnownFileType = sourcecode.c.h; name = AFNetworking.h; path = source/Util/ExternSource/AFNetworking/AFNetworking.h; sourceTree = "<group>"; };
		A3CE344A17701F600032660F /* AFPropertyListRequestOperation.h */ = {isa = PBXFileReference; fileEncoding = 4; lastKnownFileType = sourcecode.c.h; name = AFPropertyListRequestOperation.h; path = source/Util/ExternSource/AFNetworking/AFPropertyListRequestOperation.h; sourceTree = "<group>"; };
		A3CE344B17701F600032660F /* AFPropertyListRequestOperation.m */ = {isa = PBXFileReference; fileEncoding = 4; lastKnownFileType = sourcecode.c.objc; name = AFPropertyListRequestOperation.m; path = source/Util/ExternSource/AFNetworking/AFPropertyListRequestOperation.m; sourceTree = "<group>"; };
		A3CE344C17701F600032660F /* AFURLConnectionOperation.h */ = {isa = PBXFileReference; fileEncoding = 4; lastKnownFileType = sourcecode.c.h; name = AFURLConnectionOperation.h; path = source/Util/ExternSource/AFNetworking/AFURLConnectionOperation.h; sourceTree = "<group>"; };
		A3CE344D17701F600032660F /* AFURLConnectionOperation.m */ = {isa = PBXFileReference; fileEncoding = 4; lastKnownFileType = sourcecode.c.objc; name = AFURLConnectionOperation.m; path = source/Util/ExternSource/AFNetworking/AFURLConnectionOperation.m; sourceTree = "<group>"; };
		A3CE344E17701F600032660F /* AFXMLRequestOperation.h */ = {isa = PBXFileReference; fileEncoding = 4; lastKnownFileType = sourcecode.c.h; name = AFXMLRequestOperation.h; path = source/Util/ExternSource/AFNetworking/AFXMLRequestOperation.h; sourceTree = "<group>"; };
		A3CE344F17701F600032660F /* AFXMLRequestOperation.m */ = {isa = PBXFileReference; fileEncoding = 4; lastKnownFileType = sourcecode.c.objc; name = AFXMLRequestOperation.m; path = source/Util/ExternSource/AFNetworking/AFXMLRequestOperation.m; sourceTree = "<group>"; };
		A3CE345017701F600032660F /* UIImageView+AFNetworking.h */ = {isa = PBXFileReference; fileEncoding = 4; lastKnownFileType = sourcecode.c.h; name = "UIImageView+AFNetworking.h"; path = "source/Util/ExternSource/AFNetworking/UIImageView+AFNetworking.h"; sourceTree = "<group>"; };
		A3CE345117701F600032660F /* UIImageView+AFNetworking.m */ = {isa = PBXFileReference; fileEncoding = 4; lastKnownFileType = sourcecode.c.objc; name = "UIImageView+AFNetworking.m"; path = "source/Util/ExternSource/AFNetworking/UIImageView+AFNetworking.m"; sourceTree = "<group>"; };
		A3D0D50017489E7B006C0AA9 /* HttpApi.h */ = {isa = PBXFileReference; fileEncoding = 4; lastKnownFileType = sourcecode.c.h; name = HttpApi.h; path = source/Util/System/HttpApi/HttpApi.h; sourceTree = "<group>"; };
		A3D0D50117489E7B006C0AA9 /* HttpApi.m */ = {isa = PBXFileReference; fileEncoding = 4; lastKnownFileType = sourcecode.c.objc; name = HttpApi.m; path = source/Util/System/HttpApi/HttpApi.m; sourceTree = "<group>"; };
		A3D0D50317489E89006C0AA9 /* CommonUI.h */ = {isa = PBXFileReference; fileEncoding = 4; lastKnownFileType = sourcecode.c.h; name = CommonUI.h; path = source/Util/System/CommonUI.h; sourceTree = "<group>"; };
		A3D0D50417489E89006C0AA9 /* CommonUI.m */ = {isa = PBXFileReference; fileEncoding = 4; lastKnownFileType = sourcecode.c.objc; name = CommonUI.m; path = source/Util/System/CommonUI.m; sourceTree = "<group>"; };
		A3D0D50517489E89006C0AA9 /* FileControl.h */ = {isa = PBXFileReference; fileEncoding = 4; lastKnownFileType = sourcecode.c.h; name = FileControl.h; path = source/Util/System/FileControl.h; sourceTree = "<group>"; };
		A3D0D50617489E89006C0AA9 /* FileControl.m */ = {isa = PBXFileReference; fileEncoding = 4; lastKnownFileType = sourcecode.c.objc; name = FileControl.m; path = source/Util/System/FileControl.m; sourceTree = "<group>"; };
		A3D0D50917489E98006C0AA9 /* GDataXMLNode.h */ = {isa = PBXFileReference; fileEncoding = 4; lastKnownFileType = sourcecode.c.h; name = GDataXMLNode.h; path = source/Util/ExternSource/GDataXML/GDataXMLNode.h; sourceTree = "<group>"; };
		A3D0D50A17489E98006C0AA9 /* GDataXMLNode.m */ = {isa = PBXFileReference; fileEncoding = 4; lastKnownFileType = sourcecode.c.objc; name = GDataXMLNode.m; path = source/Util/ExternSource/GDataXML/GDataXMLNode.m; sourceTree = "<group>"; };
		A3D0D51617489F4C006C0AA9 /* RecipeModel.xcdatamodel */ = {isa = PBXFileReference; lastKnownFileType = wrapper.xcdatamodel; path = RecipeModel.xcdatamodel; sourceTree = "<group>"; };
		A3D0D51817489FD2006C0AA9 /* CoreData.framework */ = {isa = PBXFileReference; lastKnownFileType = wrapper.framework; name = CoreData.framework; path = System/Library/Frameworks/CoreData.framework; sourceTree = SDKROOT; };
		A3D0D51A1748A46B006C0AA9 /* CoreDataManager.h */ = {isa = PBXFileReference; fileEncoding = 4; lastKnownFileType = sourcecode.c.h; name = CoreDataManager.h; path = source/Util/System/CoreData/CoreDataManager/CoreDataManager.h; sourceTree = "<group>"; };
		A3D0D51B1748A46B006C0AA9 /* CoreDataManager.m */ = {isa = PBXFileReference; fileEncoding = 4; lastKnownFileType = sourcecode.c.objc; name = CoreDataManager.m; path = source/Util/System/CoreData/CoreDataManager/CoreDataManager.m; sourceTree = "<group>"; };
		A3D0D55B1748F8FA006C0AA9 /* AttatchMent.h */ = {isa = PBXFileReference; fileEncoding = 4; lastKnownFileType = sourcecode.c.h; name = AttatchMent.h; path = source/Util/System/CoreData/AttatchMent.h; sourceTree = "<group>"; };
		A3D0D55C1748F8FA006C0AA9 /* AttatchMent.m */ = {isa = PBXFileReference; fileEncoding = 4; lastKnownFileType = sourcecode.c.objc; name = AttatchMent.m; path = source/Util/System/CoreData/AttatchMent.m; sourceTree = "<group>"; };
		A3D0D55F1748FBAF006C0AA9 /* AsyncImageView.h */ = {isa = PBXFileReference; fileEncoding = 4; lastKnownFileType = sourcecode.c.h; name = AsyncImageView.h; path = source/Util/ExternSource/AsyncView/AsyncImageView.h; sourceTree = "<group>"; };
		A3D0D5601748FBAF006C0AA9 /* AsyncImageView.m */ = {isa = PBXFileReference; fileEncoding = 4; lastKnownFileType = sourcecode.c.objc; name = AsyncImageView.m; path = source/Util/ExternSource/AsyncView/AsyncImageView.m; sourceTree = "<group>"; };
		A3D0D564174903DB006C0AA9 /* RecipeViewController.h */ = {isa = PBXFileReference; fileEncoding = 4; lastKnownFileType = sourcecode.c.h; name = RecipeViewController.h; path = source/MainUI/RecipeViewController.h; sourceTree = "<group>"; };
		A3D0D565174903DB006C0AA9 /* RecipeViewController.m */ = {isa = PBXFileReference; fileEncoding = 4; lastKnownFileType = sourcecode.c.objc; name = RecipeViewController.m; path = source/MainUI/RecipeViewController.m; sourceTree = "<group>"; };
		A3D0D567174903FD006C0AA9 /* RecipeView.h */ = {isa = PBXFileReference; fileEncoding = 4; lastKnownFileType = sourcecode.c.h; name = RecipeView.h; path = source/MainUI/RecipeView/RecipeView.h; sourceTree = "<group>"; };
		A3D0D568174903FD006C0AA9 /* RecipeView.m */ = {isa = PBXFileReference; fileEncoding = 4; lastKnownFileType = sourcecode.c.objc; name = RecipeView.m; path = source/MainUI/RecipeView/RecipeView.m; sourceTree = "<group>"; };
		A3DEA0F2178D3D8D0041E259 /* ODRefreshControl.h */ = {isa = PBXFileReference; fileEncoding = 4; lastKnownFileType = sourcecode.c.h; name = ODRefreshControl.h; path = source/Util/ExternSource/ODRefreshControl/ODRefreshControl.h; sourceTree = "<group>"; };
		A3DEA0F3178D3D8D0041E259 /* ODRefreshControl.m */ = {isa = PBXFileReference; fileEncoding = 4; lastKnownFileType = sourcecode.c.objc; name = ODRefreshControl.m; path = source/Util/ExternSource/ODRefreshControl/ODRefreshControl.m; sourceTree = "<group>"; };
		A3E12E0B177EAE9E00D512A0 /* SDURLCache.h */ = {isa = PBXFileReference; fileEncoding = 4; lastKnownFileType = sourcecode.c.h; name = SDURLCache.h; path = source/Util/ExternSource/SDURLCache/SDURLCache.h; sourceTree = "<group>"; };
		A3E12E0C177EAE9E00D512A0 /* SDURLCache.m */ = {isa = PBXFileReference; fileEncoding = 4; lastKnownFileType = sourcecode.c.objc; name = SDURLCache.m; path = source/Util/ExternSource/SDURLCache/SDURLCache.m; sourceTree = "<group>"; };
		A3E530D017507B5700C651F3 /* AppPreference.h */ = {isa = PBXFileReference; fileEncoding = 4; lastKnownFileType = sourcecode.c.h; name = AppPreference.h; path = source/Util/System/AppPreference.h; sourceTree = "<group>"; };
		A3E530D117507B5700C651F3 /* AppPreference.m */ = {isa = PBXFileReference; fileEncoding = 4; lastKnownFileType = sourcecode.c.objc; name = AppPreference.m; path = source/Util/System/AppPreference.m; sourceTree = "<group>"; };
		A3E6CC3E17B4AADB00A83905 /* MMDrawerBarButtonItem.h */ = {isa = PBXFileReference; fileEncoding = 4; lastKnownFileType = sourcecode.c.h; name = MMDrawerBarButtonItem.h; path = source/Util/ExternSource/MMDrawerController/MMDrawerBarButtonItem.h; sourceTree = "<group>"; };
		A3E6CC3F17B4AADB00A83905 /* MMDrawerBarButtonItem.m */ = {isa = PBXFileReference; fileEncoding = 4; lastKnownFileType = sourcecode.c.objc; name = MMDrawerBarButtonItem.m; path = source/Util/ExternSource/MMDrawerController/MMDrawerBarButtonItem.m; sourceTree = "<group>"; };
		A3E6CC4017B4AADB00A83905 /* MMDrawerController.h */ = {isa = PBXFileReference; fileEncoding = 4; lastKnownFileType = sourcecode.c.h; name = MMDrawerController.h; path = source/Util/ExternSource/MMDrawerController/MMDrawerController.h; sourceTree = "<group>"; };
		A3E6CC4117B4AADB00A83905 /* MMDrawerController.m */ = {isa = PBXFileReference; fileEncoding = 4; lastKnownFileType = sourcecode.c.objc; name = MMDrawerController.m; path = source/Util/ExternSource/MMDrawerController/MMDrawerController.m; sourceTree = "<group>"; };
		A3E6CC4217B4AADB00A83905 /* MMDrawerVisualState.h */ = {isa = PBXFileReference; fileEncoding = 4; lastKnownFileType = sourcecode.c.h; name = MMDrawerVisualState.h; path = source/Util/ExternSource/MMDrawerController/MMDrawerVisualState.h; sourceTree = "<group>"; };
		A3E6CC4317B4AADB00A83905 /* MMDrawerVisualState.m */ = {isa = PBXFileReference; fileEncoding = 4; lastKnownFileType = sourcecode.c.objc; name = MMDrawerVisualState.m; path = source/Util/ExternSource/MMDrawerController/MMDrawerVisualState.m; sourceTree = "<group>"; };
		A3E6CC4417B4AADB00A83905 /* UIViewController+MMDrawerController.h */ = {isa = PBXFileReference; fileEncoding = 4; lastKnownFileType = sourcecode.c.h; name = "UIViewController+MMDrawerController.h"; path = "source/Util/ExternSource/MMDrawerController/UIViewController+MMDrawerController.h"; sourceTree = "<group>"; };
		A3E6CC4517B4AADB00A83905 /* UIViewController+MMDrawerController.m */ = {isa = PBXFileReference; fileEncoding = 4; lastKnownFileType = sourcecode.c.objc; name = "UIViewController+MMDrawerController.m"; path = "source/Util/ExternSource/MMDrawerController/UIViewController+MMDrawerController.m"; sourceTree = "<group>"; };
		A3E6CC4B17B4AB9000A83905 /* SideViewController.h */ = {isa = PBXFileReference; fileEncoding = 4; lastKnownFileType = sourcecode.c.h; name = SideViewController.h; path = source/MainUI/SideViews/SideViewController.h; sourceTree = "<group>"; };
		A3E6CC4C17B4AB9000A83905 /* SideViewController.m */ = {isa = PBXFileReference; fileEncoding = 4; lastKnownFileType = sourcecode.c.objc; name = SideViewController.m; path = source/MainUI/SideViews/SideViewController.m; sourceTree = "<group>"; };
		A3E6CC4E17B4ACC000A83905 /* MMExampleDrawerVisualStateManager.h */ = {isa = PBXFileReference; fileEncoding = 4; lastKnownFileType = sourcecode.c.h; name = MMExampleDrawerVisualStateManager.h; path = source/Util/ExternSource/MMDrawerController/MMExampleDrawerVisualStateManager.h; sourceTree = "<group>"; };
		A3E6CC4F17B4ACC000A83905 /* MMExampleDrawerVisualStateManager.m */ = {isa = PBXFileReference; fileEncoding = 4; lastKnownFileType = sourcecode.c.objc; name = MMExampleDrawerVisualStateManager.m; path = source/Util/ExternSource/MMDrawerController/MMExampleDrawerVisualStateManager.m; sourceTree = "<group>"; };
		A3E6CC5117B4C51A00A83905 /* ic_kakaotalk.png */ = {isa = PBXFileReference; lastKnownFileType = image.png; name = ic_kakaotalk.png; path = resource/ic_kakaotalk.png; sourceTree = "<group>"; };
		A3E6CC5617B4C7F100A83905 /* KakaoLinkCenter.h */ = {isa = PBXFileReference; fileEncoding = 4; lastKnownFileType = sourcecode.c.h; name = KakaoLinkCenter.h; path = source/Util/ExternSource/KakaoLink/KakaoLinkCenter.h; sourceTree = "<group>"; };
		A3E6CC5717B4C7F100A83905 /* KakaoLinkCenter.m */ = {isa = PBXFileReference; fileEncoding = 4; lastKnownFileType = sourcecode.c.objc; name = KakaoLinkCenter.m; path = source/Util/ExternSource/KakaoLink/KakaoLinkCenter.m; sourceTree = "<group>"; };
		A3E6CC5A17B4C93300A83905 /* JSONKit.h */ = {isa = PBXFileReference; fileEncoding = 4; lastKnownFileType = sourcecode.c.h; name = JSONKit.h; path = source/Util/ExternSource/JSONKit/JSONKit.h; sourceTree = "<group>"; };
		A3E6CC5B17B4C93300A83905 /* JSONKit.m */ = {isa = PBXFileReference; fileEncoding = 4; lastKnownFileType = sourcecode.c.objc; name = JSONKit.m; path = source/Util/ExternSource/JSONKit/JSONKit.m; sourceTree = "<group>"; };
		A3E6CC5D17B4CDB600A83905 /* abs_spinner_default.png */ = {isa = PBXFileReference; lastKnownFileType = image.png; name = abs_spinner_default.png; path = resource/abs_spinner_default.png; sourceTree = "<group>"; };
		A3E6CC5F17B4D0D800A83905 /* AlignPopView.h */ = {isa = PBXFileReference; fileEncoding = 4; lastKnownFileType = sourcecode.c.h; name = AlignPopView.h; path = source/MainUI/PopView/AlignPopView.h; sourceTree = "<group>"; };
		A3E6CC6017B4D0D800A83905 /* AlignPopView.m */ = {isa = PBXFileReference; fileEncoding = 4; lastKnownFileType = sourcecode.c.objc; name = AlignPopView.m; path = source/MainUI/PopView/AlignPopView.m; sourceTree = "<group>"; };
		A3F63CC717941B9500D42883 /* TTTTimeIntervalFormatter.h */ = {isa = PBXFileReference; fileEncoding = 4; lastKnownFileType = sourcecode.c.h; name = TTTTimeIntervalFormatter.h; path = source/Util/ExternSource/TTTTimeInterval/TTTTimeIntervalFormatter.h; sourceTree = "<group>"; };
		A3F63CC817941B9500D42883 /* TTTTimeIntervalFormatter.m */ = {isa = PBXFileReference; fileEncoding = 4; lastKnownFileType = sourcecode.c.objc; name = TTTTimeIntervalFormatter.m; path = source/Util/ExternSource/TTTTimeInterval/TTTTimeIntervalFormatter.m; sourceTree = "<group>"; };
		A3F63CCC179459B800D42883 /* libz.dylib */ = {isa = PBXFileReference; lastKnownFileType = "compiled.mach-o.dylib"; name = libz.dylib; path = usr/lib/libz.dylib; sourceTree = SDKROOT; };
		A3F63CCE179459C700D42883 /* libsqlite3.dylib */ = {isa = PBXFileReference; lastKnownFileType = "compiled.mach-o.dylib"; name = libsqlite3.dylib; path = usr/lib/libsqlite3.dylib; sourceTree = SDKROOT; };
		A3F63CDA17945AFF00D42883 /* libLocalyticsAMP.a */ = {isa = PBXFileReference; lastKnownFileType = archive.ar; name = libLocalyticsAMP.a; path = source/Util/ExternSource/AMPSDK.bin/libLocalyticsAMP.a; sourceTree = "<group>"; };
		A3F63CDB17945AFF00D42883 /* LICENSE */ = {isa = PBXFileReference; fileEncoding = 4; lastKnownFileType = text; name = LICENSE; path = source/Util/ExternSource/AMPSDK.bin/LICENSE; sourceTree = "<group>"; };
		A3F63CDC17945AFF00D42883 /* LocalyticsAmpSession.h */ = {isa = PBXFileReference; fileEncoding = 4; lastKnownFileType = sourcecode.c.h; name = LocalyticsAmpSession.h; path = source/Util/ExternSource/AMPSDK.bin/LocalyticsAmpSession.h; sourceTree = "<group>"; };
		A3F63CDD17945AFF00D42883 /* LocalyticsSession.h */ = {isa = PBXFileReference; fileEncoding = 4; lastKnownFileType = sourcecode.c.h; name = LocalyticsSession.h; path = source/Util/ExternSource/AMPSDK.bin/LocalyticsSession.h; sourceTree = "<group>"; };
		A3FB73131743DE9700413AE8 /* NakoRecipe.app */ = {isa = PBXFileReference; explicitFileType = wrapper.application; includeInIndex = 0; path = NakoRecipe.app; sourceTree = BUILT_PRODUCTS_DIR; };
		A3FB73161743DE9700413AE8 /* UIKit.framework */ = {isa = PBXFileReference; lastKnownFileType = wrapper.framework; name = UIKit.framework; path = System/Library/Frameworks/UIKit.framework; sourceTree = SDKROOT; };
		A3FB73181743DE9700413AE8 /* Foundation.framework */ = {isa = PBXFileReference; lastKnownFileType = wrapper.framework; name = Foundation.framework; path = System/Library/Frameworks/Foundation.framework; sourceTree = SDKROOT; };
		A3FB731A1743DE9700413AE8 /* CoreGraphics.framework */ = {isa = PBXFileReference; lastKnownFileType = wrapper.framework; name = CoreGraphics.framework; path = System/Library/Frameworks/CoreGraphics.framework; sourceTree = SDKROOT; };
		A3FB731E1743DE9700413AE8 /* NakoRecipe-Info.plist */ = {isa = PBXFileReference; lastKnownFileType = text.plist.xml; path = "NakoRecipe-Info.plist"; sourceTree = "<group>"; };
		A3FB73201743DE9700413AE8 /* en */ = {isa = PBXFileReference; lastKnownFileType = text.plist.strings; name = en; path = en.lproj/InfoPlist.strings; sourceTree = "<group>"; };
		A3FB73221743DE9700413AE8 /* main.m */ = {isa = PBXFileReference; lastKnownFileType = sourcecode.c.objc; path = main.m; sourceTree = "<group>"; };
		A3FB73241743DE9700413AE8 /* NakoRecipe-Prefix.pch */ = {isa = PBXFileReference; lastKnownFileType = sourcecode.c.h; path = "NakoRecipe-Prefix.pch"; sourceTree = "<group>"; };
		A3FB73251743DE9700413AE8 /* AppDelegate.h */ = {isa = PBXFileReference; lastKnownFileType = sourcecode.c.h; path = AppDelegate.h; sourceTree = "<group>"; };
		A3FB73261743DE9700413AE8 /* AppDelegate.m */ = {isa = PBXFileReference; lastKnownFileType = sourcecode.c.objc; path = AppDelegate.m; sourceTree = "<group>"; };
		A3FB73281743DE9700413AE8 /* Default.png */ = {isa = PBXFileReference; lastKnownFileType = image.png; path = Default.png; sourceTree = "<group>"; };
		A3FB732A1743DE9700413AE8 /* Default@2x.png */ = {isa = PBXFileReference; lastKnownFileType = image.png; path = "Default@2x.png"; sourceTree = "<group>"; };
		A3FB732C1743DE9700413AE8 /* Default-568h@2x.png */ = {isa = PBXFileReference; lastKnownFileType = image.png; path = "Default-568h@2x.png"; sourceTree = "<group>"; };
		A3FB73331743DE9700413AE8 /* NakoRecipeTests.octest */ = {isa = PBXFileReference; explicitFileType = wrapper.cfbundle; includeInIndex = 0; path = NakoRecipeTests.octest; sourceTree = BUILT_PRODUCTS_DIR; };
		A3FB73341743DE9700413AE8 /* SenTestingKit.framework */ = {isa = PBXFileReference; lastKnownFileType = wrapper.framework; name = SenTestingKit.framework; path = Library/Frameworks/SenTestingKit.framework; sourceTree = DEVELOPER_DIR; };
		A3FB733C1743DE9700413AE8 /* NakoRecipeTests-Info.plist */ = {isa = PBXFileReference; lastKnownFileType = text.plist.xml; path = "NakoRecipeTests-Info.plist"; sourceTree = "<group>"; };
		A3FB733E1743DE9700413AE8 /* en */ = {isa = PBXFileReference; lastKnownFileType = text.plist.strings; name = en; path = en.lproj/InfoPlist.strings; sourceTree = "<group>"; };
		A3FB73401743DE9700413AE8 /* NakoRecipeTests.h */ = {isa = PBXFileReference; lastKnownFileType = sourcecode.c.h; path = NakoRecipeTests.h; sourceTree = "<group>"; };
		A3FB73411743DE9700413AE8 /* NakoRecipeTests.m */ = {isa = PBXFileReference; lastKnownFileType = sourcecode.c.objc; path = NakoRecipeTests.m; sourceTree = "<group>"; };
		A3FB734C1743E1D000413AE8 /* PinterestViewController.h */ = {isa = PBXFileReference; fileEncoding = 4; lastKnownFileType = sourcecode.c.h; name = PinterestViewController.h; path = source/MainUI/PinterestViewController.h; sourceTree = "<group>"; };
		A3FB734D1743E1D000413AE8 /* PinterestViewController.m */ = {isa = PBXFileReference; fileEncoding = 4; lastKnownFileType = sourcecode.c.objc; name = PinterestViewController.m; path = source/MainUI/PinterestViewController.m; sourceTree = "<group>"; };
		A3FB735F1743EC1900413AE8 /* QuartzCore.framework */ = {isa = PBXFileReference; lastKnownFileType = wrapper.framework; name = QuartzCore.framework; path = System/Library/Frameworks/QuartzCore.framework; sourceTree = SDKROOT; };
		A3FB736117445B3000413AE8 /* RecipePinterest.h */ = {isa = PBXFileReference; fileEncoding = 4; lastKnownFileType = sourcecode.c.h; name = RecipePinterest.h; path = source/MainUI/PinterestViews/RecipePinterest.h; sourceTree = "<group>"; };
		A3FB736217445B3000413AE8 /* RecipePinterest.m */ = {isa = PBXFileReference; fileEncoding = 4; lastKnownFileType = sourcecode.c.objc; name = RecipePinterest.m; path = source/MainUI/PinterestViews/RecipePinterest.m; sourceTree = "<group>"; };
/* End PBXFileReference section */

/* Begin PBXFrameworksBuildPhase section */
		A3FB73101743DE9700413AE8 /* Frameworks */ = {
			isa = PBXFrameworksBuildPhase;
			buildActionMask = 2147483647;
			files = (
				A3F63CCF179459C700D42883 /* libsqlite3.dylib in Frameworks */,
				A3F63CCD179459B900D42883 /* libz.dylib in Frameworks */,
				226DFC89175C497C007E4749 /* StoreKit.framework in Frameworks */,
				226DFC87175C4904007E4749 /* SystemConfiguration.framework in Frameworks */,
				226DFC85175C48FC007E4749 /* MessageUI.framework in Frameworks */,
				226DFC83175C48F4007E4749 /* AudioToolbox.framework in Frameworks */,
				2272B7DF17589C8000BDD89B /* Security.framework in Frameworks */,
				2272B7DD17589A7900BDD89B /* Accounts.framework in Frameworks */,
				2272B7DB17589A7200BDD89B /* Social.framework in Frameworks */,
				2272B7D917589A6C00BDD89B /* AdSupport.framework in Frameworks */,
				2272B7D71758986900BDD89B /* FacebookSDK.framework in Frameworks */,
				A3D0D51917489FD2006C0AA9 /* CoreData.framework in Frameworks */,
				226072DD17450C0700CF3EAA /* libxml2.2.dylib in Frameworks */,
				A3FB73601743EC1900413AE8 /* QuartzCore.framework in Frameworks */,
				A3FB73171743DE9700413AE8 /* UIKit.framework in Frameworks */,
				A3FB73191743DE9700413AE8 /* Foundation.framework in Frameworks */,
				A3FB731B1743DE9700413AE8 /* CoreGraphics.framework in Frameworks */,
				226DFC81175C47BC007E4749 /* libGoogleAdMobAds.a in Frameworks */,
				A3F63CDE17945AFF00D42883 /* libLocalyticsAMP.a in Frameworks */,
			);
			runOnlyForDeploymentPostprocessing = 0;
		};
		A3FB732F1743DE9700413AE8 /* Frameworks */ = {
			isa = PBXFrameworksBuildPhase;
			buildActionMask = 2147483647;
			files = (
				A3FB73351743DE9700413AE8 /* SenTestingKit.framework in Frameworks */,
				A3FB73361743DE9700413AE8 /* UIKit.framework in Frameworks */,
				A3FB73371743DE9700413AE8 /* Foundation.framework in Frameworks */,
			);
			runOnlyForDeploymentPostprocessing = 0;
		};
/* End PBXFrameworksBuildPhase section */

/* Begin PBXGroup section */
		2249DFEE1794DE58007D951B /* CustomAlert */ = {
			isa = PBXGroup;
			children = (
				2249DFEF1794DE88007D951B /* CustomAlert.h */,
				2249DFF01794DE88007D951B /* CustomAlert.m */,
			);
			name = CustomAlert;
			sourceTree = "<group>";
		};
		226072BC1744A23A00CF3EAA /* Resouce */ = {
			isa = PBXGroup;
			children = (
				A3E6CC5D17B4CDB600A83905 /* abs_spinner_default.png */,
				A3E6CC5117B4C51A00A83905 /* ic_kakaotalk.png */,
				A392762617B3A2E200FC8AB1 /* ic_web.png */,
				A39275F1179A92F800FC8AB1 /* ic_like_circle@2x.png */,
				A30844FE1792DD0A002524E1 /* ic_blank_profile@2x.png */,
				A30844FF1792DD0A002524E1 /* ic_overflow.png */,
				A30844FC1792DC6C002524E1 /* ic_facebook.png */,
				A30844FA17917B85002524E1 /* btn_send@2x.png */,
				A30844F6178FEF0B002524E1 /* btn_like.png */,
				A30844F7178FEF0B002524E1 /* btn_unlike.png */,
				A314AD1D178EEB3E000E4719 /* ic_directions@2x.png */,
				A314AD1E178EEB3E000E4719 /* ic_ingredients@2x.png */,
				A314AD1B178EE211000E4719 /* btn_youtube@2x.png */,
				A314AD17178EDF27000E4719 /* ic_comment@2x.png */,
				A314AD18178EDF27000E4719 /* ic_like@2x.png */,
				A314AD15178D9254000E4719 /* ic_loading@2x.png */,
				A32DC110177046E300DDFE84 /* page_arrow_left@2x.png */,
				A32DC111177046E300DDFE84 /* page_arrow_right@2x.png */,
				226072C11744B47000CF3EAA /* Font */,
				22D4B473174DF54200F91441 /* DefaultJSON */,
				226072CE1744D5D200CF3EAA /* Icons-chat_black@2x.png */,
				226072CF1744D5D200CF3EAA /* Icons-comments_black@2x.png */,
				226072D01744D5D200CF3EAA /* Icons-h_black@2x.png */,
				226072C81744C06700CF3EAA /* Icons-chat@2x.png */,
				226072C91744C06700CF3EAA /* Icons-comments@2x.png */,
				226072CA1744C06700CF3EAA /* Icons-h@2x.png */,
			);
			name = Resouce;
			sourceTree = "<group>";
		};
		226072C11744B47000CF3EAA /* Font */ = {
			isa = PBXGroup;
			children = (
				224B4AB8174B9E7E00CE7A9B /* 세발자전거L.TTF */,
				224B4AB9174B9E7E00CE7A9B /* 테트리스L.TTF */,
			);
			name = Font;
			sourceTree = "<group>";
		};
		226072D417450A7900CF3EAA /* HttpApi */ = {
			isa = PBXGroup;
			children = (
				A3D0D50017489E7B006C0AA9 /* HttpApi.h */,
				A3D0D50117489E7B006C0AA9 /* HttpApi.m */,
				22D4B476174DFFDE00F91441 /* HttpAsyncApi.h */,
				22D4B477174DFFDE00F91441 /* HttpAsyncApi.m */,
			);
			name = HttpApi;
			sourceTree = "<group>";
		};
		226072D817450B0200CF3EAA /* GDataXML */ = {
			isa = PBXGroup;
			children = (
				A3D0D50917489E98006C0AA9 /* GDataXMLNode.h */,
				A3D0D50A17489E98006C0AA9 /* GDataXMLNode.m */,
			);
			name = GDataXML;
			sourceTree = "<group>";
		};
		226DFC76175C47A9007E4749 /* GoogleAdMob */ = {
			isa = PBXGroup;
			children = (
				226DFC77175C47BB007E4749 /* GADAdMobExtras.h */,
				226DFC78175C47BB007E4749 /* GADAdNetworkExtras.h */,
				226DFC79175C47BB007E4749 /* GADAdSize.h */,
				226DFC7A175C47BB007E4749 /* GADBannerView.h */,
				226DFC7B175C47BB007E4749 /* GADBannerViewDelegate.h */,
				226DFC7C175C47BB007E4749 /* GADInterstitial.h */,
				226DFC7D175C47BB007E4749 /* GADInterstitialDelegate.h */,
				226DFC7E175C47BB007E4749 /* GADRequest.h */,
				226DFC7F175C47BC007E4749 /* GADRequestError.h */,
				226DFC80175C47BC007E4749 /* libGoogleAdMobAds.a */,
			);
			name = GoogleAdMob;
			sourceTree = "<group>";
		};
		22D4B473174DF54200F91441 /* DefaultJSON */ = {
			isa = PBXGroup;
			children = (
				22D4B474174DF5BD00F91441 /* DefaultJSON.htm */,
			);
			name = DefaultJSON;
			sourceTree = "<group>";
		};
		A39275EB179A89B600FC8AB1 /* LikeListViewController */ = {
			isa = PBXGroup;
			children = (
				A39275EC179A89DE00FC8AB1 /* LikeListViewController.h */,
				A39275ED179A89DE00FC8AB1 /* LikeListViewController.m */,
			);
			name = LikeListViewController;
			sourceTree = "<group>";
		};
		A392760C17B10E7A00FC8AB1 /* GMGridView */ = {
			isa = PBXGroup;
			children = (
				A392760D17B10E8B00FC8AB1 /* GMGridView-Constants.h */,
				A392760E17B10E8B00FC8AB1 /* GMGridView.h */,
				A392760F17B10E8B00FC8AB1 /* GMGridView.m */,
				A392761017B10E8B00FC8AB1 /* GMGridViewCell.h */,
				A392761117B10E8B00FC8AB1 /* GMGridViewCell.m */,
				A392761217B10E8B00FC8AB1 /* GMGridViewCell+Extended.h */,
				A392761317B10E8B00FC8AB1 /* GMGridViewLayoutStrategies.h */,
				A392761417B10E8B00FC8AB1 /* GMGridViewLayoutStrategies.m */,
				A392761517B10E8B00FC8AB1 /* UIGestureRecognizer+GMGridViewAdditions.h */,
				A392761617B10E8B00FC8AB1 /* UIGestureRecognizer+GMGridViewAdditions.m */,
				A392761717B10E8B00FC8AB1 /* UIView+GMGridViewAdditions.h */,
				A392761817B10E8B00FC8AB1 /* UIView+GMGridViewAdditions.m */,
			);
			name = GMGridView;
			sourceTree = "<group>";
		};
		A392761F17B39EBB00FC8AB1 /* BlogListViewController */ = {
			isa = PBXGroup;
			children = (
				A392762017B39EF600FC8AB1 /* BlogListViewController.h */,
				A392762117B39EF600FC8AB1 /* BlogListViewController.m */,
				A392762317B39F7800FC8AB1 /* BlogWebViewController.h */,
				A392762417B39F7800FC8AB1 /* BlogWebViewController.m */,
			);
			name = BlogListViewController;
			sourceTree = "<group>";
		};
		A3CE343E17701D8A0032660F /* AFNetworking */ = {
			isa = PBXGroup;
			children = (
				A3CE343F17701F600032660F /* AFHTTPClient.h */,
				A3CE344017701F600032660F /* AFHTTPClient.m */,
				A3CE344117701F600032660F /* AFHTTPRequestOperation.h */,
				A3CE344217701F600032660F /* AFHTTPRequestOperation.m */,
				A3CE344317701F600032660F /* AFImageRequestOperation.h */,
				A3CE344417701F600032660F /* AFImageRequestOperation.m */,
				A3CE344517701F600032660F /* AFJSONRequestOperation.h */,
				A3CE344617701F600032660F /* AFJSONRequestOperation.m */,
				A3CE344717701F600032660F /* AFNetworkActivityIndicatorManager.h */,
				A3CE344817701F600032660F /* AFNetworkActivityIndicatorManager.m */,
				A3CE344917701F600032660F /* AFNetworking.h */,
				A3CE344A17701F600032660F /* AFPropertyListRequestOperation.h */,
				A3CE344B17701F600032660F /* AFPropertyListRequestOperation.m */,
				A3CE344C17701F600032660F /* AFURLConnectionOperation.h */,
				A3CE344D17701F600032660F /* AFURLConnectionOperation.m */,
				A3CE344E17701F600032660F /* AFXMLRequestOperation.h */,
				A3CE344F17701F600032660F /* AFXMLRequestOperation.m */,
				A3CE345017701F600032660F /* UIImageView+AFNetworking.h */,
				A3CE345117701F600032660F /* UIImageView+AFNetworking.m */,
			);
			name = AFNetworking;
			sourceTree = "<group>";
		};
		A3D0D51217489F29006C0AA9 /* CoreData */ = {
			isa = PBXGroup;
			children = (
				A3D0D51517489F4C006C0AA9 /* RecipeModel.xcdatamodeld */,
				A3D0D51417489F37006C0AA9 /* CoreDataObject */,
				A3D0D51317489F2F006C0AA9 /* CoreDataManager */,
			);
			name = CoreData;
			sourceTree = "<group>";
		};
		A3D0D51317489F2F006C0AA9 /* CoreDataManager */ = {
			isa = PBXGroup;
			children = (
				A3D0D51A1748A46B006C0AA9 /* CoreDataManager.h */,
				A3D0D51B1748A46B006C0AA9 /* CoreDataManager.m */,
			);
			name = CoreDataManager;
			sourceTree = "<group>";
		};
		A3D0D51417489F37006C0AA9 /* CoreDataObject */ = {
			isa = PBXGroup;
			children = (
				22D4B470174CB59A00F91441 /* Post.h */,
				22D4B471174CB59A00F91441 /* Post.m */,
				A3D0D55B1748F8FA006C0AA9 /* AttatchMent.h */,
				A3D0D55C1748F8FA006C0AA9 /* AttatchMent.m */,
			);
			name = CoreDataObject;
			sourceTree = "<group>";
		};
		A3D0D55E1748FB61006C0AA9 /* AsyncView */ = {
			isa = PBXGroup;
			children = (
				A3D0D55F1748FBAF006C0AA9 /* AsyncImageView.h */,
				A3D0D5601748FBAF006C0AA9 /* AsyncImageView.m */,
			);
			name = AsyncView;
			sourceTree = "<group>";
		};
		A3D0D562174903A7006C0AA9 /* PintrestViewController */ = {
			isa = PBXGroup;
			children = (
				A3FB734C1743E1D000413AE8 /* PinterestViewController.h */,
				A3FB734D1743E1D000413AE8 /* PinterestViewController.m */,
				A3FB736117445B3000413AE8 /* RecipePinterest.h */,
				A3FB736217445B3000413AE8 /* RecipePinterest.m */,
				A3E6CC5F17B4D0D800A83905 /* AlignPopView.h */,
				A3E6CC6017B4D0D800A83905 /* AlignPopView.m */,
			);
			name = PintrestViewController;
			sourceTree = "<group>";
		};
		A3D0D563174903B6006C0AA9 /* RecipeViewController */ = {
			isa = PBXGroup;
			children = (
				A3D0D564174903DB006C0AA9 /* RecipeViewController.h */,
				A3D0D565174903DB006C0AA9 /* RecipeViewController.m */,
				A3D0D567174903FD006C0AA9 /* RecipeView.h */,
				A3D0D568174903FD006C0AA9 /* RecipeView.m */,
				22544C26175726E0008628D0 /* RecipeCommentView.h */,
				22544C27175726E1008628D0 /* RecipeCommentView.m */,
			);
			name = RecipeViewController;
			sourceTree = "<group>";
		};
		A3DEA0F1178D3D630041E259 /* ODRefreshControl */ = {
			isa = PBXGroup;
			children = (
				A3DEA0F2178D3D8D0041E259 /* ODRefreshControl.h */,
				A3DEA0F3178D3D8D0041E259 /* ODRefreshControl.m */,
			);
			name = ODRefreshControl;
			sourceTree = "<group>";
		};
		A3E12E0A177EAE8200D512A0 /* SDURLCache */ = {
			isa = PBXGroup;
			children = (
				A3E12E0B177EAE9E00D512A0 /* SDURLCache.h */,
				A3E12E0C177EAE9E00D512A0 /* SDURLCache.m */,
			);
			name = SDURLCache;
			sourceTree = "<group>";
		};
		A3E6CC3D17B4A8F800A83905 /* MMDrawerController */ = {
			isa = PBXGroup;
			children = (
				A3E6CC4E17B4ACC000A83905 /* MMExampleDrawerVisualStateManager.h */,
				A3E6CC4F17B4ACC000A83905 /* MMExampleDrawerVisualStateManager.m */,
				A3E6CC3E17B4AADB00A83905 /* MMDrawerBarButtonItem.h */,
				A3E6CC3F17B4AADB00A83905 /* MMDrawerBarButtonItem.m */,
				A3E6CC4017B4AADB00A83905 /* MMDrawerController.h */,
				A3E6CC4117B4AADB00A83905 /* MMDrawerController.m */,
				A3E6CC4217B4AADB00A83905 /* MMDrawerVisualState.h */,
				A3E6CC4317B4AADB00A83905 /* MMDrawerVisualState.m */,
				A3E6CC4417B4AADB00A83905 /* UIViewController+MMDrawerController.h */,
				A3E6CC4517B4AADB00A83905 /* UIViewController+MMDrawerController.m */,
			);
			name = MMDrawerController;
			sourceTree = "<group>";
		};
		A3E6CC4A17B4AB6E00A83905 /* SideViewController */ = {
			isa = PBXGroup;
			children = (
				A3E6CC4B17B4AB9000A83905 /* SideViewController.h */,
				A3E6CC4C17B4AB9000A83905 /* SideViewController.m */,
			);
			name = SideViewController;
			sourceTree = "<group>";
		};
		A3E6CC5517B4C7CE00A83905 /* KakaoLink */ = {
			isa = PBXGroup;
			children = (
				A3E6CC5617B4C7F100A83905 /* KakaoLinkCenter.h */,
				A3E6CC5717B4C7F100A83905 /* KakaoLinkCenter.m */,
			);
			name = KakaoLink;
			sourceTree = "<group>";
		};
		A3E6CC5917B4C92100A83905 /* JSONKit */ = {
			isa = PBXGroup;
			children = (
				A3E6CC5A17B4C93300A83905 /* JSONKit.h */,
				A3E6CC5B17B4C93300A83905 /* JSONKit.m */,
			);
			name = JSONKit;
			sourceTree = "<group>";
		};
		A3F63CC617941B7E00D42883 /* TTTTimeInterval */ = {
			isa = PBXGroup;
			children = (
				A3F63CC717941B9500D42883 /* TTTTimeIntervalFormatter.h */,
				A3F63CC817941B9500D42883 /* TTTTimeIntervalFormatter.m */,
			);
			name = TTTTimeInterval;
			sourceTree = "<group>";
		};
		A3F63CD917945AE900D42883 /* Localytics */ = {
			isa = PBXGroup;
			children = (
				A3F63CDA17945AFF00D42883 /* libLocalyticsAMP.a */,
				A3F63CDB17945AFF00D42883 /* LICENSE */,
				A3F63CDC17945AFF00D42883 /* LocalyticsAmpSession.h */,
				A3F63CDD17945AFF00D42883 /* LocalyticsSession.h */,
			);
			name = Localytics;
			sourceTree = "<group>";
		};
		A3FB730A1743DE9700413AE8 = {
			isa = PBXGroup;
			children = (
				A3FB731C1743DE9700413AE8 /* NakoRecipe */,
				A3FB733A1743DE9700413AE8 /* NakoRecipeTests */,
				A3FB73151743DE9700413AE8 /* Frameworks */,
				A3FB73141743DE9700413AE8 /* Products */,
			);
			sourceTree = "<group>";
		};
		A3FB73141743DE9700413AE8 /* Products */ = {
			isa = PBXGroup;
			children = (
				A3FB73131743DE9700413AE8 /* NakoRecipe.app */,
				A3FB73331743DE9700413AE8 /* NakoRecipeTests.octest */,
			);
			name = Products;
			sourceTree = "<group>";
		};
		A3FB73151743DE9700413AE8 /* Frameworks */ = {
			isa = PBXGroup;
			children = (
				A3F63CCE179459C700D42883 /* libsqlite3.dylib */,
				A3F63CCC179459B800D42883 /* libz.dylib */,
				226DFC88175C497C007E4749 /* StoreKit.framework */,
				226DFC86175C4904007E4749 /* SystemConfiguration.framework */,
				226DFC84175C48FC007E4749 /* MessageUI.framework */,
				226DFC82175C48F3007E4749 /* AudioToolbox.framework */,
				226072DC17450C0600CF3EAA /* libxml2.2.dylib */,
				2272B7DE17589C8000BDD89B /* Security.framework */,
				2272B7DC17589A7900BDD89B /* Accounts.framework */,
				2272B7DA17589A7200BDD89B /* Social.framework */,
				2272B7D817589A6C00BDD89B /* AdSupport.framework */,
				2272B7D61758986900BDD89B /* FacebookSDK.framework */,
				A3D0D51817489FD2006C0AA9 /* CoreData.framework */,
				A3FB735F1743EC1900413AE8 /* QuartzCore.framework */,
				A3FB73161743DE9700413AE8 /* UIKit.framework */,
				A3FB73181743DE9700413AE8 /* Foundation.framework */,
				A3FB731A1743DE9700413AE8 /* CoreGraphics.framework */,
				A3FB73341743DE9700413AE8 /* SenTestingKit.framework */,
			);
			name = Frameworks;
			sourceTree = "<group>";
		};
		A3FB731C1743DE9700413AE8 /* NakoRecipe */ = {
			isa = PBXGroup;
			children = (
				A3FB73251743DE9700413AE8 /* AppDelegate.h */,
				A3FB73261743DE9700413AE8 /* AppDelegate.m */,
				A3FB734B1743E18900413AE8 /* MainUI */,
				A3FB734F1743E3C500413AE8 /* Util */,
				226072BC1744A23A00CF3EAA /* Resouce */,
				A3FB731D1743DE9700413AE8 /* Supporting Files */,
			);
			path = NakoRecipe;
			sourceTree = "<group>";
		};
		A3FB731D1743DE9700413AE8 /* Supporting Files */ = {
			isa = PBXGroup;
			children = (
				A33DD4D0175C5994009A3EA2 /* icon@2x.png */,
				A33DD4CE175C5984009A3EA2 /* icon.png */,
				A33DD4CB175C57AD009A3EA2 /* icon144.png */,
				A33DD4C9175C567A009A3EA2 /* icon-72.png */,
				A3FB731E1743DE9700413AE8 /* NakoRecipe-Info.plist */,
				A3FB731F1743DE9700413AE8 /* InfoPlist.strings */,
				A3FB73221743DE9700413AE8 /* main.m */,
				A3FB73241743DE9700413AE8 /* NakoRecipe-Prefix.pch */,
				A3FB73281743DE9700413AE8 /* Default.png */,
				A3FB732A1743DE9700413AE8 /* Default@2x.png */,
				A3FB732C1743DE9700413AE8 /* Default-568h@2x.png */,
			);
			name = "Supporting Files";
			sourceTree = "<group>";
		};
		A3FB733A1743DE9700413AE8 /* NakoRecipeTests */ = {
			isa = PBXGroup;
			children = (
				A3FB73401743DE9700413AE8 /* NakoRecipeTests.h */,
				A3FB73411743DE9700413AE8 /* NakoRecipeTests.m */,
				A3FB733B1743DE9700413AE8 /* Supporting Files */,
			);
			path = NakoRecipeTests;
			sourceTree = "<group>";
		};
		A3FB733B1743DE9700413AE8 /* Supporting Files */ = {
			isa = PBXGroup;
			children = (
				A3FB733C1743DE9700413AE8 /* NakoRecipeTests-Info.plist */,
				A3FB733D1743DE9700413AE8 /* InfoPlist.strings */,
			);
			name = "Supporting Files";
			sourceTree = "<group>";
		};
		A3FB734B1743E18900413AE8 /* MainUI */ = {
			isa = PBXGroup;
			children = (
				A3E6CC4A17B4AB6E00A83905 /* SideViewController */,
				A392761F17B39EBB00FC8AB1 /* BlogListViewController */,
				A39275EB179A89B600FC8AB1 /* LikeListViewController */,
				2249DFEE1794DE58007D951B /* CustomAlert */,
				A3D0D563174903B6006C0AA9 /* RecipeViewController */,
				A3D0D562174903A7006C0AA9 /* PintrestViewController */,
			);
			name = MainUI;
			sourceTree = "<group>";
		};
		A3FB734F1743E3C500413AE8 /* Util */ = {
			isa = PBXGroup;
			children = (
				A3D0D51217489F29006C0AA9 /* CoreData */,
				A3FB73581743E71500413AE8 /* System */,
				A3FB73501743E3D600413AE8 /* ExternSource */,
			);
			name = Util;
			sourceTree = "<group>";
		};
		A3FB73501743E3D600413AE8 /* ExternSource */ = {
			isa = PBXGroup;
			children = (
				A3E6CC5917B4C92100A83905 /* JSONKit */,
				A3E6CC5517B4C7CE00A83905 /* KakaoLink */,
				A3E6CC3D17B4A8F800A83905 /* MMDrawerController */,
				A392760C17B10E7A00FC8AB1 /* GMGridView */,
				A3F63CD917945AE900D42883 /* Localytics */,
				A3F63CC617941B7E00D42883 /* TTTTimeInterval */,
				A3DEA0F1178D3D630041E259 /* ODRefreshControl */,
				A3E12E0A177EAE8200D512A0 /* SDURLCache */,
				A3CE343E17701D8A0032660F /* AFNetworking */,
				226DFC76175C47A9007E4749 /* GoogleAdMob */,
				A3D0D55E1748FB61006C0AA9 /* AsyncView */,
				226072D817450B0200CF3EAA /* GDataXML */,
			);
			name = ExternSource;
			sourceTree = "<group>";
		};
		A3FB73581743E71500413AE8 /* System */ = {
			isa = PBXGroup;
			children = (
				226072DE174B2F5100CF3EAA /* SystemInfo.h */,
				226072DF174B2F5100CF3EAA /* SystemInfo.m */,
				A3D0D50317489E89006C0AA9 /* CommonUI.h */,
				A3D0D50417489E89006C0AA9 /* CommonUI.m */,
				A3D0D50517489E89006C0AA9 /* FileControl.h */,
				A3D0D50617489E89006C0AA9 /* FileControl.m */,
				A3E530D017507B5700C651F3 /* AppPreference.h */,
				A3E530D117507B5700C651F3 /* AppPreference.m */,
				226072D417450A7900CF3EAA /* HttpApi */,
			);
			name = System;
			sourceTree = "<group>";
		};
/* End PBXGroup section */

/* Begin PBXNativeTarget section */
		A3FB73121743DE9700413AE8 /* NakoRecipe */ = {
			isa = PBXNativeTarget;
			buildConfigurationList = A3FB73451743DE9700413AE8 /* Build configuration list for PBXNativeTarget "NakoRecipe" */;
			buildPhases = (
				A3FB730F1743DE9700413AE8 /* Sources */,
				A3FB73101743DE9700413AE8 /* Frameworks */,
				A3FB73111743DE9700413AE8 /* Resources */,
			);
			buildRules = (
			);
			dependencies = (
			);
			name = NakoRecipe;
			productName = NakoRecipe;
			productReference = A3FB73131743DE9700413AE8 /* NakoRecipe.app */;
			productType = "com.apple.product-type.application";
		};
		A3FB73321743DE9700413AE8 /* NakoRecipeTests */ = {
			isa = PBXNativeTarget;
			buildConfigurationList = A3FB73481743DE9700413AE8 /* Build configuration list for PBXNativeTarget "NakoRecipeTests" */;
			buildPhases = (
				A3FB732E1743DE9700413AE8 /* Sources */,
				A3FB732F1743DE9700413AE8 /* Frameworks */,
				A3FB73301743DE9700413AE8 /* Resources */,
				A3FB73311743DE9700413AE8 /* ShellScript */,
			);
			buildRules = (
			);
			dependencies = (
				A3FB73391743DE9700413AE8 /* PBXTargetDependency */,
			);
			name = NakoRecipeTests;
			productName = NakoRecipeTests;
			productReference = A3FB73331743DE9700413AE8 /* NakoRecipeTests.octest */;
			productType = "com.apple.product-type.bundle";
		};
/* End PBXNativeTarget section */

/* Begin PBXProject section */
		A3FB730B1743DE9700413AE8 /* Project object */ = {
			isa = PBXProject;
			attributes = {
				LastUpgradeCheck = 0460;
				ORGANIZATIONNAME = tilltue;
				TargetAttributes = {
					A3FB73121743DE9700413AE8 = {
						DevelopmentTeam = RNR9A42JW9;
					};
				};
			};
			buildConfigurationList = A3FB730E1743DE9700413AE8 /* Build configuration list for PBXProject "NakoRecipe" */;
			compatibilityVersion = "Xcode 3.2";
			developmentRegion = English;
			hasScannedForEncodings = 0;
			knownRegions = (
				en,
			);
			mainGroup = A3FB730A1743DE9700413AE8;
			productRefGroup = A3FB73141743DE9700413AE8 /* Products */;
			projectDirPath = "";
			projectRoot = "";
			targets = (
				A3FB73121743DE9700413AE8 /* NakoRecipe */,
				A3FB73321743DE9700413AE8 /* NakoRecipeTests */,
			);
		};
/* End PBXProject section */

/* Begin PBXResourcesBuildPhase section */
		A3FB73111743DE9700413AE8 /* Resources */ = {
			isa = PBXResourcesBuildPhase;
			buildActionMask = 2147483647;
			files = (
				A3FB73211743DE9700413AE8 /* InfoPlist.strings in Resources */,
				A3FB73291743DE9700413AE8 /* Default.png in Resources */,
				A3FB732B1743DE9700413AE8 /* Default@2x.png in Resources */,
				A3FB732D1743DE9700413AE8 /* Default-568h@2x.png in Resources */,
				226072CB1744C06700CF3EAA /* Icons-chat@2x.png in Resources */,
				226072CC1744C06700CF3EAA /* Icons-comments@2x.png in Resources */,
				226072CD1744C06700CF3EAA /* Icons-h@2x.png in Resources */,
				226072D11744D5D200CF3EAA /* Icons-chat_black@2x.png in Resources */,
				226072D21744D5D200CF3EAA /* Icons-comments_black@2x.png in Resources */,
				226072D31744D5D200CF3EAA /* Icons-h_black@2x.png in Resources */,
				224B4ABC174B9E7E00CE7A9B /* 세발자전거L.TTF in Resources */,
				224B4ABD174B9E7E00CE7A9B /* 테트리스L.TTF in Resources */,
				22D4B475174DF5BD00F91441 /* DefaultJSON.htm in Resources */,
				A33DD4CA175C567A009A3EA2 /* icon-72.png in Resources */,
				A33DD4CD175C5930009A3EA2 /* icon144.png in Resources */,
				A33DD4CF175C5984009A3EA2 /* icon.png in Resources */,
				A33DD4D1175C5994009A3EA2 /* icon@2x.png in Resources */,
				A32DC112177046E300DDFE84 /* page_arrow_left@2x.png in Resources */,
				A32DC113177046E300DDFE84 /* page_arrow_right@2x.png in Resources */,
				A314AD16178D9254000E4719 /* ic_loading@2x.png in Resources */,
				A314AD19178EDF27000E4719 /* ic_comment@2x.png in Resources */,
				A314AD1A178EDF27000E4719 /* ic_like@2x.png in Resources */,
				A314AD1C178EE211000E4719 /* btn_youtube@2x.png in Resources */,
				A314AD1F178EEB3E000E4719 /* ic_directions@2x.png in Resources */,
				A314AD20178EEB3E000E4719 /* ic_ingredients@2x.png in Resources */,
				A30844F8178FEF0B002524E1 /* btn_like.png in Resources */,
				A30844F9178FEF0B002524E1 /* btn_unlike.png in Resources */,
				A30844FB17917B85002524E1 /* btn_send@2x.png in Resources */,
				A30844FD1792DC6C002524E1 /* ic_facebook.png in Resources */,
				A30845001792DD0A002524E1 /* ic_blank_profile@2x.png in Resources */,
				A30845011792DD0A002524E1 /* ic_overflow.png in Resources */,
				A3F63CDF17945AFF00D42883 /* LICENSE in Resources */,
				A39275F2179A92F800FC8AB1 /* ic_like_circle@2x.png in Resources */,
				A392762717B3A2E300FC8AB1 /* ic_web.png in Resources */,
				A3E6CC5217B4C51A00A83905 /* ic_kakaotalk.png in Resources */,
				A3E6CC5E17B4CDB700A83905 /* abs_spinner_default.png in Resources */,
			);
			runOnlyForDeploymentPostprocessing = 0;
		};
		A3FB73301743DE9700413AE8 /* Resources */ = {
			isa = PBXResourcesBuildPhase;
			buildActionMask = 2147483647;
			files = (
				A3FB733F1743DE9700413AE8 /* InfoPlist.strings in Resources */,
			);
			runOnlyForDeploymentPostprocessing = 0;
		};
/* End PBXResourcesBuildPhase section */

/* Begin PBXShellScriptBuildPhase section */
		A3FB73311743DE9700413AE8 /* ShellScript */ = {
			isa = PBXShellScriptBuildPhase;
			buildActionMask = 2147483647;
			files = (
			);
			inputPaths = (
			);
			outputPaths = (
			);
			runOnlyForDeploymentPostprocessing = 0;
			shellPath = /bin/sh;
			shellScript = "# Run the unit tests in this test bundle.\n\"${SYSTEM_DEVELOPER_DIR}/Tools/RunUnitTests\"\n";
		};
/* End PBXShellScriptBuildPhase section */

/* Begin PBXSourcesBuildPhase section */
		A3FB730F1743DE9700413AE8 /* Sources */ = {
			isa = PBXSourcesBuildPhase;
			buildActionMask = 2147483647;
			files = (
				A3FB73231743DE9700413AE8 /* main.m in Sources */,
				A3FB73271743DE9700413AE8 /* AppDelegate.m in Sources */,
				A3FB734E1743E1D000413AE8 /* PinterestViewController.m in Sources */,
				A3FB736317445B3000413AE8 /* RecipePinterest.m in Sources */,
				A3D0D50217489E7B006C0AA9 /* HttpApi.m in Sources */,
				A3D0D50717489E89006C0AA9 /* CommonUI.m in Sources */,
				A3D0D50817489E89006C0AA9 /* FileControl.m in Sources */,
				A3D0D50B17489E98006C0AA9 /* GDataXMLNode.m in Sources */,
				A3D0D51717489F4C006C0AA9 /* RecipeModel.xcdatamodeld in Sources */,
				A3D0D51C1748A46B006C0AA9 /* CoreDataManager.m in Sources */,
				A3D0D55D1748F8FA006C0AA9 /* AttatchMent.m in Sources */,
				A3D0D5611748FBAF006C0AA9 /* AsyncImageView.m in Sources */,
				A3D0D566174903DB006C0AA9 /* RecipeViewController.m in Sources */,
				A3D0D569174903FD006C0AA9 /* RecipeView.m in Sources */,
				226072E0174B2F5100CF3EAA /* SystemInfo.m in Sources */,
				22D4B472174CB59A00F91441 /* Post.m in Sources */,
				22D4B478174DFFDE00F91441 /* HttpAsyncApi.m in Sources */,
				A3E530D217507B5700C651F3 /* AppPreference.m in Sources */,
				22544C28175726E1008628D0 /* RecipeCommentView.m in Sources */,
				A3CE345217701F600032660F /* AFHTTPClient.m in Sources */,
				A3CE345317701F600032660F /* AFHTTPRequestOperation.m in Sources */,
				A3CE345417701F600032660F /* AFImageRequestOperation.m in Sources */,
				A3CE345517701F600032660F /* AFJSONRequestOperation.m in Sources */,
				A3CE345617701F600032660F /* AFNetworkActivityIndicatorManager.m in Sources */,
				A3CE345717701F600032660F /* AFPropertyListRequestOperation.m in Sources */,
				A3CE345817701F600032660F /* AFURLConnectionOperation.m in Sources */,
				A3CE345917701F600032660F /* AFXMLRequestOperation.m in Sources */,
				A3CE345A17701F600032660F /* UIImageView+AFNetworking.m in Sources */,
				A3E12E0D177EAE9E00D512A0 /* SDURLCache.m in Sources */,
				A3DEA0F4178D3D8D0041E259 /* ODRefreshControl.m in Sources */,
				A3F63CC917941B9500D42883 /* TTTTimeIntervalFormatter.m in Sources */,
				2249DFF11794DE88007D951B /* CustomAlert.m in Sources */,
				A39275EF179A89DE00FC8AB1 /* LikeListViewController.m in Sources */,
				A392761917B10E8B00FC8AB1 /* GMGridView.m in Sources */,
				A392761A17B10E8B00FC8AB1 /* GMGridViewCell.m in Sources */,
				A392761B17B10E8B00FC8AB1 /* GMGridViewLayoutStrategies.m in Sources */,
				A392761C17B10E8B00FC8AB1 /* UIGestureRecognizer+GMGridViewAdditions.m in Sources */,
				A392761D17B10E8B00FC8AB1 /* UIView+GMGridViewAdditions.m in Sources */,
				A392762217B39EF600FC8AB1 /* BlogListViewController.m in Sources */,
				A392762517B39F7800FC8AB1 /* BlogWebViewController.m in Sources */,
				A3E6CC4617B4AADB00A83905 /* MMDrawerBarButtonItem.m in Sources */,
				A3E6CC4717B4AADB00A83905 /* MMDrawerController.m in Sources */,
				A3E6CC4817B4AADB00A83905 /* MMDrawerVisualState.m in Sources */,
				A3E6CC4917B4AADB00A83905 /* UIViewController+MMDrawerController.m in Sources */,
				A3E6CC4D17B4AB9000A83905 /* SideViewController.m in Sources */,
				A3E6CC5017B4ACC000A83905 /* MMExampleDrawerVisualStateManager.m in Sources */,
				A3E6CC5817B4C7F100A83905 /* KakaoLinkCenter.m in Sources */,
				A3E6CC5C17B4C93300A83905 /* JSONKit.m in Sources */,
				A3E6CC6117B4D0D800A83905 /* AlignPopView.m in Sources */,
			);
			runOnlyForDeploymentPostprocessing = 0;
		};
		A3FB732E1743DE9700413AE8 /* Sources */ = {
			isa = PBXSourcesBuildPhase;
			buildActionMask = 2147483647;
			files = (
				A3FB73421743DE9700413AE8 /* NakoRecipeTests.m in Sources */,
			);
			runOnlyForDeploymentPostprocessing = 0;
		};
/* End PBXSourcesBuildPhase section */

/* Begin PBXTargetDependency section */
		A3FB73391743DE9700413AE8 /* PBXTargetDependency */ = {
			isa = PBXTargetDependency;
			target = A3FB73121743DE9700413AE8 /* NakoRecipe */;
			targetProxy = A3FB73381743DE9700413AE8 /* PBXContainerItemProxy */;
		};
/* End PBXTargetDependency section */

/* Begin PBXVariantGroup section */
		A3FB731F1743DE9700413AE8 /* InfoPlist.strings */ = {
			isa = PBXVariantGroup;
			children = (
				A3FB73201743DE9700413AE8 /* en */,
			);
			name = InfoPlist.strings;
			sourceTree = "<group>";
		};
		A3FB733D1743DE9700413AE8 /* InfoPlist.strings */ = {
			isa = PBXVariantGroup;
			children = (
				A3FB733E1743DE9700413AE8 /* en */,
			);
			name = InfoPlist.strings;
			sourceTree = "<group>";
		};
/* End PBXVariantGroup section */

/* Begin XCBuildConfiguration section */
		A3FB73431743DE9700413AE8 /* Debug */ = {
			isa = XCBuildConfiguration;
			buildSettings = {
				ALWAYS_SEARCH_USER_PATHS = NO;
				CLANG_CXX_LANGUAGE_STANDARD = "gnu++0x";
				CLANG_CXX_LIBRARY = "libc++";
				CLANG_ENABLE_OBJC_ARC = YES;
				CLANG_WARN_CONSTANT_CONVERSION = YES;
				CLANG_WARN_EMPTY_BODY = YES;
				CLANG_WARN_ENUM_CONVERSION = YES;
				CLANG_WARN_INT_CONVERSION = YES;
				CLANG_WARN__DUPLICATE_METHOD_MATCH = YES;
				CODE_SIGN_IDENTITY = "iPhone Distribution";
				"CODE_SIGN_IDENTITY[sdk=iphoneos*]" = "iPhone Distribution";
				COPY_PHASE_STRIP = NO;
				GCC_C_LANGUAGE_STANDARD = gnu99;
				GCC_DYNAMIC_NO_PIC = NO;
				GCC_OPTIMIZATION_LEVEL = 0;
				GCC_PREPROCESSOR_DEFINITIONS = (
					"DEBUG=1",
					"$(inherited)",
				);
				GCC_SYMBOLS_PRIVATE_EXTERN = NO;
				GCC_WARN_ABOUT_RETURN_TYPE = YES;
				GCC_WARN_UNINITIALIZED_AUTOS = YES;
				GCC_WARN_UNUSED_VARIABLE = YES;
				IPHONEOS_DEPLOYMENT_TARGET = 6.1;
				ONLY_ACTIVE_ARCH = YES;
				PROVISIONING_PROFILE = "";
				"PROVISIONING_PROFILE[sdk=iphoneos*]" = "";
				SDKROOT = iphoneos;
				TARGETED_DEVICE_FAMILY = "1,2";
			};
			name = Debug;
		};
		A3FB73441743DE9700413AE8 /* Release */ = {
			isa = XCBuildConfiguration;
			buildSettings = {
				ALWAYS_SEARCH_USER_PATHS = NO;
				CLANG_CXX_LANGUAGE_STANDARD = "gnu++0x";
				CLANG_CXX_LIBRARY = "libc++";
				CLANG_ENABLE_OBJC_ARC = YES;
				CLANG_WARN_CONSTANT_CONVERSION = YES;
				CLANG_WARN_EMPTY_BODY = YES;
				CLANG_WARN_ENUM_CONVERSION = YES;
				CLANG_WARN_INT_CONVERSION = YES;
				CLANG_WARN__DUPLICATE_METHOD_MATCH = YES;
				CODE_SIGN_IDENTITY = "iPhone Distribution";
				"CODE_SIGN_IDENTITY[sdk=iphoneos*]" = "iPhone Distribution";
				COPY_PHASE_STRIP = YES;
				GCC_C_LANGUAGE_STANDARD = gnu99;
				GCC_WARN_ABOUT_RETURN_TYPE = YES;
				GCC_WARN_UNINITIALIZED_AUTOS = YES;
				GCC_WARN_UNUSED_VARIABLE = YES;
				IPHONEOS_DEPLOYMENT_TARGET = 6.1;
				OTHER_CFLAGS = "-DNS_BLOCK_ASSERTIONS=1";
				PROVISIONING_PROFILE = "";
				"PROVISIONING_PROFILE[sdk=iphoneos*]" = "";
				SDKROOT = iphoneos;
				TARGETED_DEVICE_FAMILY = "1,2";
				VALIDATE_PRODUCT = YES;
			};
			name = Release;
		};
		A3FB73461743DE9700413AE8 /* Debug */ = {
			isa = XCBuildConfiguration;
			buildSettings = {
				CODE_SIGN_IDENTITY = "iPhone Developer";
				"CODE_SIGN_IDENTITY[sdk=iphoneos*]" = "iPhone Developer";
				FRAMEWORK_SEARCH_PATHS = (
					"$(inherited)",
					"\"$(SRCROOT)/NakoRecipe/source/Util/ExternSource\"",
				);
				GCC_PRECOMPILE_PREFIX_HEADER = YES;
				GCC_PREFIX_HEADER = "NakoRecipe/NakoRecipe-Prefix.pch";
				HEADER_SEARCH_PATHS = /usr/include/libxml2;
				INFOPLIST_FILE = "NakoRecipe/NakoRecipe-Info.plist";
				IPHONEOS_DEPLOYMENT_TARGET = 7.0;
				LIBRARY_SEARCH_PATHS = (
					"$(inherited)",
					"\"$(SRCROOT)/NakoRecipe/source/Util/ExternSource/GoogleAdMob\"",
					"\"$(SRCROOT)/NakoRecipe/source/Util/ExternSource/AMP-SDK-latest.bin\"",
					"\"$(SRCROOT)/NakoRecipe/source/Util/ExternSource/AMPSDK.bin\"",
				);
				OTHER_LDFLAGS = (
					"-lsqlite3.0",
					"-ObjC",
				);
				PRODUCT_NAME = "$(TARGET_NAME)";
				PROVISIONING_PROFILE = "";
				"PROVISIONING_PROFILE[sdk=iphoneos*]" = "";
				WRAPPER_EXTENSION = app;
			};
			name = Debug;
		};
		A3FB73471743DE9700413AE8 /* Release */ = {
			isa = XCBuildConfiguration;
			buildSettings = {
				CODE_SIGN_IDENTITY = "iPhone Developer";
				"CODE_SIGN_IDENTITY[sdk=iphoneos*]" = "iPhone Developer";
				FRAMEWORK_SEARCH_PATHS = (
					"$(inherited)",
					"\"$(SRCROOT)/NakoRecipe/source/Util/ExternSource\"",
				);
				GCC_PRECOMPILE_PREFIX_HEADER = YES;
				GCC_PREFIX_HEADER = "NakoRecipe/NakoRecipe-Prefix.pch";
				HEADER_SEARCH_PATHS = /usr/include/libxml2;
				INFOPLIST_FILE = "NakoRecipe/NakoRecipe-Info.plist";
				IPHONEOS_DEPLOYMENT_TARGET = 7.0;
				LIBRARY_SEARCH_PATHS = (
					"$(inherited)",
					"\"$(SRCROOT)/NakoRecipe/source/Util/ExternSource/GoogleAdMob\"",
					"\"$(SRCROOT)/NakoRecipe/source/Util/ExternSource/AMP-SDK-latest.bin\"",
					"\"$(SRCROOT)/NakoRecipe/source/Util/ExternSource/AMPSDK.bin\"",
				);
				OTHER_LDFLAGS = (
					"-lsqlite3.0",
					"-ObjC",
				);
				PRODUCT_NAME = "$(TARGET_NAME)";
				PROVISIONING_PROFILE = "";
				"PROVISIONING_PROFILE[sdk=iphoneos*]" = "";
				WRAPPER_EXTENSION = app;
			};
			name = Release;
		};
		A3FB73491743DE9700413AE8 /* Debug */ = {
			isa = XCBuildConfiguration;
			buildSettings = {
				BUNDLE_LOADER = "$(BUILT_PRODUCTS_DIR)/NakoRecipe.app/NakoRecipe";
				FRAMEWORK_SEARCH_PATHS = (
					"\"$(SDKROOT)/Developer/Library/Frameworks\"",
					"\"$(DEVELOPER_LIBRARY_DIR)/Frameworks\"",
				);
				GCC_PRECOMPILE_PREFIX_HEADER = YES;
				GCC_PREFIX_HEADER = "NakoRecipe/NakoRecipe-Prefix.pch";
				INFOPLIST_FILE = "NakoRecipeTests/NakoRecipeTests-Info.plist";
				PRODUCT_NAME = "$(TARGET_NAME)";
				TEST_HOST = "$(BUNDLE_LOADER)";
				WRAPPER_EXTENSION = octest;
			};
			name = Debug;
		};
		A3FB734A1743DE9700413AE8 /* Release */ = {
			isa = XCBuildConfiguration;
			buildSettings = {
				BUNDLE_LOADER = "$(BUILT_PRODUCTS_DIR)/NakoRecipe.app/NakoRecipe";
				FRAMEWORK_SEARCH_PATHS = (
					"\"$(SDKROOT)/Developer/Library/Frameworks\"",
					"\"$(DEVELOPER_LIBRARY_DIR)/Frameworks\"",
				);
				GCC_PRECOMPILE_PREFIX_HEADER = YES;
				GCC_PREFIX_HEADER = "NakoRecipe/NakoRecipe-Prefix.pch";
				INFOPLIST_FILE = "NakoRecipeTests/NakoRecipeTests-Info.plist";
				PRODUCT_NAME = "$(TARGET_NAME)";
				TEST_HOST = "$(BUNDLE_LOADER)";
				WRAPPER_EXTENSION = octest;
			};
			name = Release;
		};
/* End XCBuildConfiguration section */

/* Begin XCConfigurationList section */
		A3FB730E1743DE9700413AE8 /* Build configuration list for PBXProject "NakoRecipe" */ = {
			isa = XCConfigurationList;
			buildConfigurations = (
				A3FB73431743DE9700413AE8 /* Debug */,
				A3FB73441743DE9700413AE8 /* Release */,
			);
			defaultConfigurationIsVisible = 0;
			defaultConfigurationName = Release;
		};
		A3FB73451743DE9700413AE8 /* Build configuration list for PBXNativeTarget "NakoRecipe" */ = {
			isa = XCConfigurationList;
			buildConfigurations = (
				A3FB73461743DE9700413AE8 /* Debug */,
				A3FB73471743DE9700413AE8 /* Release */,
			);
			defaultConfigurationIsVisible = 0;
			defaultConfigurationName = Release;
		};
		A3FB73481743DE9700413AE8 /* Build configuration list for PBXNativeTarget "NakoRecipeTests" */ = {
			isa = XCConfigurationList;
			buildConfigurations = (
				A3FB73491743DE9700413AE8 /* Debug */,
				A3FB734A1743DE9700413AE8 /* Release */,
			);
			defaultConfigurationIsVisible = 0;
			defaultConfigurationName = Release;
		};
/* End XCConfigurationList section */

/* Begin XCVersionGroup section */
		A3D0D51517489F4C006C0AA9 /* RecipeModel.xcdatamodeld */ = {
			isa = XCVersionGroup;
			children = (
				A3D0D51617489F4C006C0AA9 /* RecipeModel.xcdatamodel */,
			);
			currentVersion = A3D0D51617489F4C006C0AA9 /* RecipeModel.xcdatamodel */;
			path = RecipeModel.xcdatamodeld;
			sourceTree = "<group>";
			versionGroupType = wrapper.xcdatamodel;
		};
/* End XCVersionGroup section */
	};
	rootObject = A3FB730B1743DE9700413AE8 /* Project object */;
}
