// !$*UTF8*$!
{
	archiveVersion = 1;
	classes = {
	};
	objectVersion = 46;
	objects = {

/* Begin PBXBuildFile section */
		226072C31744B47900CF3EAA /* iconic_stroke.ttf in Resources */ = {isa = PBXBuildFile; fileRef = 226072C21744B47900CF3EAA /* iconic_stroke.ttf */; };
		226072CB1744C06700CF3EAA /* Icons-chat@2x.png in Resources */ = {isa = PBXBuildFile; fileRef = 226072C81744C06700CF3EAA /* Icons-chat@2x.png */; };
		226072CC1744C06700CF3EAA /* Icons-comments@2x.png in Resources */ = {isa = PBXBuildFile; fileRef = 226072C91744C06700CF3EAA /* Icons-comments@2x.png */; };
		226072CD1744C06700CF3EAA /* Icons-h@2x.png in Resources */ = {isa = PBXBuildFile; fileRef = 226072CA1744C06700CF3EAA /* Icons-h@2x.png */; };
		226072D11744D5D200CF3EAA /* Icons-chat_black@2x.png in Resources */ = {isa = PBXBuildFile; fileRef = 226072CE1744D5D200CF3EAA /* Icons-chat_black@2x.png */; };
		226072D21744D5D200CF3EAA /* Icons-comments_black@2x.png in Resources */ = {isa = PBXBuildFile; fileRef = 226072CF1744D5D200CF3EAA /* Icons-comments_black@2x.png */; };
		226072D31744D5D200CF3EAA /* Icons-h_black@2x.png in Resources */ = {isa = PBXBuildFile; fileRef = 226072D01744D5D200CF3EAA /* Icons-h_black@2x.png */; };
		226072DD17450C0700CF3EAA /* libxml2.2.dylib in Frameworks */ = {isa = PBXBuildFile; fileRef = 226072DC17450C0600CF3EAA /* libxml2.2.dylib */; };
		A3D0D50217489E7B006C0AA9 /* HttpApi.m in Sources */ = {isa = PBXBuildFile; fileRef = A3D0D50117489E7B006C0AA9 /* HttpApi.m */; };
		A3D0D50717489E89006C0AA9 /* CommonUI.m in Sources */ = {isa = PBXBuildFile; fileRef = A3D0D50417489E89006C0AA9 /* CommonUI.m */; };
		A3D0D50817489E89006C0AA9 /* FileControl.m in Sources */ = {isa = PBXBuildFile; fileRef = A3D0D50617489E89006C0AA9 /* FileControl.m */; };
		A3D0D50B17489E98006C0AA9 /* GDataXMLNode.m in Sources */ = {isa = PBXBuildFile; fileRef = A3D0D50A17489E98006C0AA9 /* GDataXMLNode.m */; settings = {COMPILER_FLAGS = "-fno-objc-arc"; }; };
		A3D0D51017489EA5006C0AA9 /* PSCollectionView.m in Sources */ = {isa = PBXBuildFile; fileRef = A3D0D50D17489EA5006C0AA9 /* PSCollectionView.m */; };
		A3D0D51117489EA5006C0AA9 /* PSCollectionViewCell.m in Sources */ = {isa = PBXBuildFile; fileRef = A3D0D50F17489EA5006C0AA9 /* PSCollectionViewCell.m */; };
		A3D0D51717489F4C006C0AA9 /* RecipeModel.xcdatamodeld in Sources */ = {isa = PBXBuildFile; fileRef = A3D0D51517489F4C006C0AA9 /* RecipeModel.xcdatamodeld */; };
		A3D0D51917489FD2006C0AA9 /* CoreData.framework in Frameworks */ = {isa = PBXBuildFile; fileRef = A3D0D51817489FD2006C0AA9 /* CoreData.framework */; };
		A3D0D51C1748A46B006C0AA9 /* CoreDataManager.m in Sources */ = {isa = PBXBuildFile; fileRef = A3D0D51B1748A46B006C0AA9 /* CoreDataManager.m */; };
		A3D0D53F1748D621006C0AA9 /* SBJsonParser.m in Sources */ = {isa = PBXBuildFile; fileRef = A3D0D52C1748D621006C0AA9 /* SBJsonParser.m */; };
		A3D0D5401748D621006C0AA9 /* SBJsonStreamParser.m in Sources */ = {isa = PBXBuildFile; fileRef = A3D0D52E1748D621006C0AA9 /* SBJsonStreamParser.m */; };
		A3D0D5411748D621006C0AA9 /* SBJsonStreamParserAccumulator.m in Sources */ = {isa = PBXBuildFile; fileRef = A3D0D5301748D621006C0AA9 /* SBJsonStreamParserAccumulator.m */; };
		A3D0D5421748D621006C0AA9 /* SBJsonStreamParserAdapter.m in Sources */ = {isa = PBXBuildFile; fileRef = A3D0D5321748D621006C0AA9 /* SBJsonStreamParserAdapter.m */; };
		A3D0D5431748D621006C0AA9 /* SBJsonStreamParserState.m in Sources */ = {isa = PBXBuildFile; fileRef = A3D0D5341748D621006C0AA9 /* SBJsonStreamParserState.m */; };
		A3D0D5441748D621006C0AA9 /* SBJsonStreamTokeniser.m in Sources */ = {isa = PBXBuildFile; fileRef = A3D0D5361748D621006C0AA9 /* SBJsonStreamTokeniser.m */; };
		A3D0D5451748D621006C0AA9 /* SBJsonStreamWriter.m in Sources */ = {isa = PBXBuildFile; fileRef = A3D0D5381748D621006C0AA9 /* SBJsonStreamWriter.m */; };
		A3D0D5461748D621006C0AA9 /* SBJsonStreamWriterAccumulator.m in Sources */ = {isa = PBXBuildFile; fileRef = A3D0D53A1748D621006C0AA9 /* SBJsonStreamWriterAccumulator.m */; };
		A3D0D5471748D621006C0AA9 /* SBJsonStreamWriterState.m in Sources */ = {isa = PBXBuildFile; fileRef = A3D0D53C1748D621006C0AA9 /* SBJsonStreamWriterState.m */; };
		A3D0D5481748D621006C0AA9 /* SBJsonWriter.m in Sources */ = {isa = PBXBuildFile; fileRef = A3D0D53E1748D621006C0AA9 /* SBJsonWriter.m */; };
		A3D0D55A1748F123006C0AA9 /* Post.m in Sources */ = {isa = PBXBuildFile; fileRef = A3D0D5591748F123006C0AA9 /* Post.m */; };
		A3D0D55D1748F8FA006C0AA9 /* AttatchMent.m in Sources */ = {isa = PBXBuildFile; fileRef = A3D0D55C1748F8FA006C0AA9 /* AttatchMent.m */; };
		A3D0D5611748FBAF006C0AA9 /* AsyncImageView.m in Sources */ = {isa = PBXBuildFile; fileRef = A3D0D5601748FBAF006C0AA9 /* AsyncImageView.m */; };
		A3D0D566174903DB006C0AA9 /* RecipeViewController.m in Sources */ = {isa = PBXBuildFile; fileRef = A3D0D565174903DB006C0AA9 /* RecipeViewController.m */; };
		A3D0D569174903FD006C0AA9 /* RecipeView.m in Sources */ = {isa = PBXBuildFile; fileRef = A3D0D568174903FD006C0AA9 /* RecipeView.m */; };
		A3FB73171743DE9700413AE8 /* UIKit.framework in Frameworks */ = {isa = PBXBuildFile; fileRef = A3FB73161743DE9700413AE8 /* UIKit.framework */; };
		A3FB73191743DE9700413AE8 /* Foundation.framework in Frameworks */ = {isa = PBXBuildFile; fileRef = A3FB73181743DE9700413AE8 /* Foundation.framework */; };
		A3FB731B1743DE9700413AE8 /* CoreGraphics.framework in Frameworks */ = {isa = PBXBuildFile; fileRef = A3FB731A1743DE9700413AE8 /* CoreGraphics.framework */; };
		A3FB73211743DE9700413AE8 /* InfoPlist.strings in Resources */ = {isa = PBXBuildFile; fileRef = A3FB731F1743DE9700413AE8 /* InfoPlist.strings */; };
		A3FB73231743DE9700413AE8 /* main.m in Sources */ = {isa = PBXBuildFile; fileRef = A3FB73221743DE9700413AE8 /* main.m */; };
		A3FB73271743DE9700413AE8 /* AppDelegate.m in Sources */ = {isa = PBXBuildFile; fileRef = A3FB73261743DE9700413AE8 /* AppDelegate.m */; };
		A3FB73291743DE9700413AE8 /* Default.png in Resources */ = {isa = PBXBuildFile; fileRef = A3FB73281743DE9700413AE8 /* Default.png */; };
		A3FB732B1743DE9700413AE8 /* Default@2x.png in Resources */ = {isa = PBXBuildFile; fileRef = A3FB732A1743DE9700413AE8 /* Default@2x.png */; };
		A3FB732D1743DE9700413AE8 /* Default-568h@2x.png in Resources */ = {isa = PBXBuildFile; fileRef = A3FB732C1743DE9700413AE8 /* Default-568h@2x.png */; };
		A3FB73351743DE9700413AE8 /* SenTestingKit.framework in Frameworks */ = {isa = PBXBuildFile; fileRef = A3FB73341743DE9700413AE8 /* SenTestingKit.framework */; };
		A3FB73361743DE9700413AE8 /* UIKit.framework in Frameworks */ = {isa = PBXBuildFile; fileRef = A3FB73161743DE9700413AE8 /* UIKit.framework */; };
		A3FB73371743DE9700413AE8 /* Foundation.framework in Frameworks */ = {isa = PBXBuildFile; fileRef = A3FB73181743DE9700413AE8 /* Foundation.framework */; };
		A3FB733F1743DE9700413AE8 /* InfoPlist.strings in Resources */ = {isa = PBXBuildFile; fileRef = A3FB733D1743DE9700413AE8 /* InfoPlist.strings */; };
		A3FB73421743DE9700413AE8 /* NakoRecipeTests.m in Sources */ = {isa = PBXBuildFile; fileRef = A3FB73411743DE9700413AE8 /* NakoRecipeTests.m */; };
		A3FB734E1743E1D000413AE8 /* PinterestViewController.m in Sources */ = {isa = PBXBuildFile; fileRef = A3FB734D1743E1D000413AE8 /* PinterestViewController.m */; };
		A3FB73601743EC1900413AE8 /* QuartzCore.framework in Frameworks */ = {isa = PBXBuildFile; fileRef = A3FB735F1743EC1900413AE8 /* QuartzCore.framework */; };
		A3FB736317445B3000413AE8 /* RecipePinterest.m in Sources */ = {isa = PBXBuildFile; fileRef = A3FB736217445B3000413AE8 /* RecipePinterest.m */; };
/* End PBXBuildFile section */

/* Begin PBXContainerItemProxy section */
		A3FB73381743DE9700413AE8 /* PBXContainerItemProxy */ = {
			isa = PBXContainerItemProxy;
			containerPortal = A3FB730B1743DE9700413AE8 /* Project object */;
			proxyType = 1;
			remoteGlobalIDString = A3FB73121743DE9700413AE8;
			remoteInfo = NakoRecipe;
		};
/* End PBXContainerItemProxy section */

/* Begin PBXFileReference section */
		226072C21744B47900CF3EAA /* iconic_stroke.ttf */ = {isa = PBXFileReference; lastKnownFileType = file; name = iconic_stroke.ttf; path = resource/font/iconic_stroke.ttf; sourceTree = "<group>"; };
		226072C81744C06700CF3EAA /* Icons-chat@2x.png */ = {isa = PBXFileReference; lastKnownFileType = image.png; name = "Icons-chat@2x.png"; path = "resource/Icons-chat@2x.png"; sourceTree = "<group>"; };
		226072C91744C06700CF3EAA /* Icons-comments@2x.png */ = {isa = PBXFileReference; lastKnownFileType = image.png; name = "Icons-comments@2x.png"; path = "resource/Icons-comments@2x.png"; sourceTree = "<group>"; };
		226072CA1744C06700CF3EAA /* Icons-h@2x.png */ = {isa = PBXFileReference; lastKnownFileType = image.png; name = "Icons-h@2x.png"; path = "resource/Icons-h@2x.png"; sourceTree = "<group>"; };
		226072CE1744D5D200CF3EAA /* Icons-chat_black@2x.png */ = {isa = PBXFileReference; lastKnownFileType = image.png; name = "Icons-chat_black@2x.png"; path = "resource/Icons-chat_black@2x.png"; sourceTree = "<group>"; };
		226072CF1744D5D200CF3EAA /* Icons-comments_black@2x.png */ = {isa = PBXFileReference; lastKnownFileType = image.png; name = "Icons-comments_black@2x.png"; path = "resource/Icons-comments_black@2x.png"; sourceTree = "<group>"; };
		226072D01744D5D200CF3EAA /* Icons-h_black@2x.png */ = {isa = PBXFileReference; lastKnownFileType = image.png; name = "Icons-h_black@2x.png"; path = "resource/Icons-h_black@2x.png"; sourceTree = "<group>"; };
		226072DC17450C0600CF3EAA /* libxml2.2.dylib */ = {isa = PBXFileReference; lastKnownFileType = "compiled.mach-o.dylib"; name = libxml2.2.dylib; path = usr/lib/libxml2.2.dylib; sourceTree = SDKROOT; };
		A3D0D50017489E7B006C0AA9 /* HttpApi.h */ = {isa = PBXFileReference; fileEncoding = 4; lastKnownFileType = sourcecode.c.h; name = HttpApi.h; path = source/Util/System/HttpApi/HttpApi.h; sourceTree = "<group>"; };
		A3D0D50117489E7B006C0AA9 /* HttpApi.m */ = {isa = PBXFileReference; fileEncoding = 4; lastKnownFileType = sourcecode.c.objc; name = HttpApi.m; path = source/Util/System/HttpApi/HttpApi.m; sourceTree = "<group>"; };
		A3D0D50317489E89006C0AA9 /* CommonUI.h */ = {isa = PBXFileReference; fileEncoding = 4; lastKnownFileType = sourcecode.c.h; name = CommonUI.h; path = source/Util/System/CommonUI.h; sourceTree = "<group>"; };
		A3D0D50417489E89006C0AA9 /* CommonUI.m */ = {isa = PBXFileReference; fileEncoding = 4; lastKnownFileType = sourcecode.c.objc; name = CommonUI.m; path = source/Util/System/CommonUI.m; sourceTree = "<group>"; };
		A3D0D50517489E89006C0AA9 /* FileControl.h */ = {isa = PBXFileReference; fileEncoding = 4; lastKnownFileType = sourcecode.c.h; name = FileControl.h; path = source/Util/System/FileControl.h; sourceTree = "<group>"; };
		A3D0D50617489E89006C0AA9 /* FileControl.m */ = {isa = PBXFileReference; fileEncoding = 4; lastKnownFileType = sourcecode.c.objc; name = FileControl.m; path = source/Util/System/FileControl.m; sourceTree = "<group>"; };
		A3D0D50917489E98006C0AA9 /* GDataXMLNode.h */ = {isa = PBXFileReference; fileEncoding = 4; lastKnownFileType = sourcecode.c.h; name = GDataXMLNode.h; path = source/Util/ExternSource/GDataXML/GDataXMLNode.h; sourceTree = "<group>"; };
		A3D0D50A17489E98006C0AA9 /* GDataXMLNode.m */ = {isa = PBXFileReference; fileEncoding = 4; lastKnownFileType = sourcecode.c.objc; name = GDataXMLNode.m; path = source/Util/ExternSource/GDataXML/GDataXMLNode.m; sourceTree = "<group>"; };
		A3D0D50C17489EA5006C0AA9 /* PSCollectionView.h */ = {isa = PBXFileReference; fileEncoding = 4; lastKnownFileType = sourcecode.c.h; name = PSCollectionView.h; path = source/Util/ExternSource/PintrestLib/PSCollectionView.h; sourceTree = "<group>"; };
		A3D0D50D17489EA5006C0AA9 /* PSCollectionView.m */ = {isa = PBXFileReference; fileEncoding = 4; lastKnownFileType = sourcecode.c.objc; name = PSCollectionView.m; path = source/Util/ExternSource/PintrestLib/PSCollectionView.m; sourceTree = "<group>"; };
		A3D0D50E17489EA5006C0AA9 /* PSCollectionViewCell.h */ = {isa = PBXFileReference; fileEncoding = 4; lastKnownFileType = sourcecode.c.h; name = PSCollectionViewCell.h; path = source/Util/ExternSource/PintrestLib/PSCollectionViewCell.h; sourceTree = "<group>"; };
		A3D0D50F17489EA5006C0AA9 /* PSCollectionViewCell.m */ = {isa = PBXFileReference; fileEncoding = 4; lastKnownFileType = sourcecode.c.objc; name = PSCollectionViewCell.m; path = source/Util/ExternSource/PintrestLib/PSCollectionViewCell.m; sourceTree = "<group>"; };
		A3D0D51617489F4C006C0AA9 /* RecipeModel.xcdatamodel */ = {isa = PBXFileReference; lastKnownFileType = wrapper.xcdatamodel; path = RecipeModel.xcdatamodel; sourceTree = "<group>"; };
		A3D0D51817489FD2006C0AA9 /* CoreData.framework */ = {isa = PBXFileReference; lastKnownFileType = wrapper.framework; name = CoreData.framework; path = System/Library/Frameworks/CoreData.framework; sourceTree = SDKROOT; };
		A3D0D51A1748A46B006C0AA9 /* CoreDataManager.h */ = {isa = PBXFileReference; fileEncoding = 4; lastKnownFileType = sourcecode.c.h; name = CoreDataManager.h; path = source/Util/System/CoreData/CoreDataManager/CoreDataManager.h; sourceTree = "<group>"; };
		A3D0D51B1748A46B006C0AA9 /* CoreDataManager.m */ = {isa = PBXFileReference; fileEncoding = 4; lastKnownFileType = sourcecode.c.objc; name = CoreDataManager.m; path = source/Util/System/CoreData/CoreDataManager/CoreDataManager.m; sourceTree = "<group>"; };
		A3D0D52A1748D621006C0AA9 /* SBJson.h */ = {isa = PBXFileReference; fileEncoding = 4; lastKnownFileType = sourcecode.c.h; name = SBJson.h; path = source/Util/System/HttpApi/SBJson/SBJson.h; sourceTree = "<group>"; };
		A3D0D52B1748D621006C0AA9 /* SBJsonParser.h */ = {isa = PBXFileReference; fileEncoding = 4; lastKnownFileType = sourcecode.c.h; name = SBJsonParser.h; path = source/Util/System/HttpApi/SBJson/SBJsonParser.h; sourceTree = "<group>"; };
		A3D0D52C1748D621006C0AA9 /* SBJsonParser.m */ = {isa = PBXFileReference; fileEncoding = 4; lastKnownFileType = sourcecode.c.objc; name = SBJsonParser.m; path = source/Util/System/HttpApi/SBJson/SBJsonParser.m; sourceTree = "<group>"; };
		A3D0D52D1748D621006C0AA9 /* SBJsonStreamParser.h */ = {isa = PBXFileReference; fileEncoding = 4; lastKnownFileType = sourcecode.c.h; name = SBJsonStreamParser.h; path = source/Util/System/HttpApi/SBJson/SBJsonStreamParser.h; sourceTree = "<group>"; };
		A3D0D52E1748D621006C0AA9 /* SBJsonStreamParser.m */ = {isa = PBXFileReference; fileEncoding = 4; lastKnownFileType = sourcecode.c.objc; name = SBJsonStreamParser.m; path = source/Util/System/HttpApi/SBJson/SBJsonStreamParser.m; sourceTree = "<group>"; };
		A3D0D52F1748D621006C0AA9 /* SBJsonStreamParserAccumulator.h */ = {isa = PBXFileReference; fileEncoding = 4; lastKnownFileType = sourcecode.c.h; name = SBJsonStreamParserAccumulator.h; path = source/Util/System/HttpApi/SBJson/SBJsonStreamParserAccumulator.h; sourceTree = "<group>"; };
		A3D0D5301748D621006C0AA9 /* SBJsonStreamParserAccumulator.m */ = {isa = PBXFileReference; fileEncoding = 4; lastKnownFileType = sourcecode.c.objc; name = SBJsonStreamParserAccumulator.m; path = source/Util/System/HttpApi/SBJson/SBJsonStreamParserAccumulator.m; sourceTree = "<group>"; };
		A3D0D5311748D621006C0AA9 /* SBJsonStreamParserAdapter.h */ = {isa = PBXFileReference; fileEncoding = 4; lastKnownFileType = sourcecode.c.h; name = SBJsonStreamParserAdapter.h; path = source/Util/System/HttpApi/SBJson/SBJsonStreamParserAdapter.h; sourceTree = "<group>"; };
		A3D0D5321748D621006C0AA9 /* SBJsonStreamParserAdapter.m */ = {isa = PBXFileReference; fileEncoding = 4; lastKnownFileType = sourcecode.c.objc; name = SBJsonStreamParserAdapter.m; path = source/Util/System/HttpApi/SBJson/SBJsonStreamParserAdapter.m; sourceTree = "<group>"; };
		A3D0D5331748D621006C0AA9 /* SBJsonStreamParserState.h */ = {isa = PBXFileReference; fileEncoding = 4; lastKnownFileType = sourcecode.c.h; name = SBJsonStreamParserState.h; path = source/Util/System/HttpApi/SBJson/SBJsonStreamParserState.h; sourceTree = "<group>"; };
		A3D0D5341748D621006C0AA9 /* SBJsonStreamParserState.m */ = {isa = PBXFileReference; fileEncoding = 4; lastKnownFileType = sourcecode.c.objc; name = SBJsonStreamParserState.m; path = source/Util/System/HttpApi/SBJson/SBJsonStreamParserState.m; sourceTree = "<group>"; };
		A3D0D5351748D621006C0AA9 /* SBJsonStreamTokeniser.h */ = {isa = PBXFileReference; fileEncoding = 4; lastKnownFileType = sourcecode.c.h; name = SBJsonStreamTokeniser.h; path = source/Util/System/HttpApi/SBJson/SBJsonStreamTokeniser.h; sourceTree = "<group>"; };
		A3D0D5361748D621006C0AA9 /* SBJsonStreamTokeniser.m */ = {isa = PBXFileReference; fileEncoding = 4; lastKnownFileType = sourcecode.c.objc; name = SBJsonStreamTokeniser.m; path = source/Util/System/HttpApi/SBJson/SBJsonStreamTokeniser.m; sourceTree = "<group>"; };
		A3D0D5371748D621006C0AA9 /* SBJsonStreamWriter.h */ = {isa = PBXFileReference; fileEncoding = 4; lastKnownFileType = sourcecode.c.h; name = SBJsonStreamWriter.h; path = source/Util/System/HttpApi/SBJson/SBJsonStreamWriter.h; sourceTree = "<group>"; };
		A3D0D5381748D621006C0AA9 /* SBJsonStreamWriter.m */ = {isa = PBXFileReference; fileEncoding = 4; lastKnownFileType = sourcecode.c.objc; name = SBJsonStreamWriter.m; path = source/Util/System/HttpApi/SBJson/SBJsonStreamWriter.m; sourceTree = "<group>"; };
		A3D0D5391748D621006C0AA9 /* SBJsonStreamWriterAccumulator.h */ = {isa = PBXFileReference; fileEncoding = 4; lastKnownFileType = sourcecode.c.h; name = SBJsonStreamWriterAccumulator.h; path = source/Util/System/HttpApi/SBJson/SBJsonStreamWriterAccumulator.h; sourceTree = "<group>"; };
		A3D0D53A1748D621006C0AA9 /* SBJsonStreamWriterAccumulator.m */ = {isa = PBXFileReference; fileEncoding = 4; lastKnownFileType = sourcecode.c.objc; name = SBJsonStreamWriterAccumulator.m; path = source/Util/System/HttpApi/SBJson/SBJsonStreamWriterAccumulator.m; sourceTree = "<group>"; };
		A3D0D53B1748D621006C0AA9 /* SBJsonStreamWriterState.h */ = {isa = PBXFileReference; fileEncoding = 4; lastKnownFileType = sourcecode.c.h; name = SBJsonStreamWriterState.h; path = source/Util/System/HttpApi/SBJson/SBJsonStreamWriterState.h; sourceTree = "<group>"; };
		A3D0D53C1748D621006C0AA9 /* SBJsonStreamWriterState.m */ = {isa = PBXFileReference; fileEncoding = 4; lastKnownFileType = sourcecode.c.objc; name = SBJsonStreamWriterState.m; path = source/Util/System/HttpApi/SBJson/SBJsonStreamWriterState.m; sourceTree = "<group>"; };
		A3D0D53D1748D621006C0AA9 /* SBJsonWriter.h */ = {isa = PBXFileReference; fileEncoding = 4; lastKnownFileType = sourcecode.c.h; name = SBJsonWriter.h; path = source/Util/System/HttpApi/SBJson/SBJsonWriter.h; sourceTree = "<group>"; };
		A3D0D53E1748D621006C0AA9 /* SBJsonWriter.m */ = {isa = PBXFileReference; fileEncoding = 4; lastKnownFileType = sourcecode.c.objc; name = SBJsonWriter.m; path = source/Util/System/HttpApi/SBJson/SBJsonWriter.m; sourceTree = "<group>"; };
		A3D0D5581748F123006C0AA9 /* Post.h */ = {isa = PBXFileReference; fileEncoding = 4; lastKnownFileType = sourcecode.c.h; name = Post.h; path = source/Util/System/CoreData/Post.h; sourceTree = "<group>"; };
		A3D0D5591748F123006C0AA9 /* Post.m */ = {isa = PBXFileReference; fileEncoding = 4; lastKnownFileType = sourcecode.c.objc; name = Post.m; path = source/Util/System/CoreData/Post.m; sourceTree = "<group>"; };
		A3D0D55B1748F8FA006C0AA9 /* AttatchMent.h */ = {isa = PBXFileReference; fileEncoding = 4; lastKnownFileType = sourcecode.c.h; name = AttatchMent.h; path = source/Util/System/CoreData/AttatchMent.h; sourceTree = "<group>"; };
		A3D0D55C1748F8FA006C0AA9 /* AttatchMent.m */ = {isa = PBXFileReference; fileEncoding = 4; lastKnownFileType = sourcecode.c.objc; name = AttatchMent.m; path = source/Util/System/CoreData/AttatchMent.m; sourceTree = "<group>"; };
		A3D0D55F1748FBAF006C0AA9 /* AsyncImageView.h */ = {isa = PBXFileReference; fileEncoding = 4; lastKnownFileType = sourcecode.c.h; name = AsyncImageView.h; path = source/Util/ExternSource/AsyncView/AsyncImageView.h; sourceTree = "<group>"; };
		A3D0D5601748FBAF006C0AA9 /* AsyncImageView.m */ = {isa = PBXFileReference; fileEncoding = 4; lastKnownFileType = sourcecode.c.objc; name = AsyncImageView.m; path = source/Util/ExternSource/AsyncView/AsyncImageView.m; sourceTree = "<group>"; };
		A3D0D564174903DB006C0AA9 /* RecipeViewController.h */ = {isa = PBXFileReference; fileEncoding = 4; lastKnownFileType = sourcecode.c.h; name = RecipeViewController.h; path = source/MainUI/RecipeViewController.h; sourceTree = "<group>"; };
		A3D0D565174903DB006C0AA9 /* RecipeViewController.m */ = {isa = PBXFileReference; fileEncoding = 4; lastKnownFileType = sourcecode.c.objc; name = RecipeViewController.m; path = source/MainUI/RecipeViewController.m; sourceTree = "<group>"; };
		A3D0D567174903FD006C0AA9 /* RecipeView.h */ = {isa = PBXFileReference; fileEncoding = 4; lastKnownFileType = sourcecode.c.h; name = RecipeView.h; path = source/MainUI/RecipeView/RecipeView.h; sourceTree = "<group>"; };
		A3D0D568174903FD006C0AA9 /* RecipeView.m */ = {isa = PBXFileReference; fileEncoding = 4; lastKnownFileType = sourcecode.c.objc; name = RecipeView.m; path = source/MainUI/RecipeView/RecipeView.m; sourceTree = "<group>"; };
		A3FB73131743DE9700413AE8 /* NakoRecipe.app */ = {isa = PBXFileReference; explicitFileType = wrapper.application; includeInIndex = 0; path = NakoRecipe.app; sourceTree = BUILT_PRODUCTS_DIR; };
		A3FB73161743DE9700413AE8 /* UIKit.framework */ = {isa = PBXFileReference; lastKnownFileType = wrapper.framework; name = UIKit.framework; path = System/Library/Frameworks/UIKit.framework; sourceTree = SDKROOT; };
		A3FB73181743DE9700413AE8 /* Foundation.framework */ = {isa = PBXFileReference; lastKnownFileType = wrapper.framework; name = Foundation.framework; path = System/Library/Frameworks/Foundation.framework; sourceTree = SDKROOT; };
		A3FB731A1743DE9700413AE8 /* CoreGraphics.framework */ = {isa = PBXFileReference; lastKnownFileType = wrapper.framework; name = CoreGraphics.framework; path = System/Library/Frameworks/CoreGraphics.framework; sourceTree = SDKROOT; };
		A3FB731E1743DE9700413AE8 /* NakoRecipe-Info.plist */ = {isa = PBXFileReference; lastKnownFileType = text.plist.xml; path = "NakoRecipe-Info.plist"; sourceTree = "<group>"; };
		A3FB73201743DE9700413AE8 /* en */ = {isa = PBXFileReference; lastKnownFileType = text.plist.strings; name = en; path = en.lproj/InfoPlist.strings; sourceTree = "<group>"; };
		A3FB73221743DE9700413AE8 /* main.m */ = {isa = PBXFileReference; lastKnownFileType = sourcecode.c.objc; path = main.m; sourceTree = "<group>"; };
		A3FB73241743DE9700413AE8 /* NakoRecipe-Prefix.pch */ = {isa = PBXFileReference; lastKnownFileType = sourcecode.c.h; path = "NakoRecipe-Prefix.pch"; sourceTree = "<group>"; };
		A3FB73251743DE9700413AE8 /* AppDelegate.h */ = {isa = PBXFileReference; lastKnownFileType = sourcecode.c.h; path = AppDelegate.h; sourceTree = "<group>"; };
		A3FB73261743DE9700413AE8 /* AppDelegate.m */ = {isa = PBXFileReference; lastKnownFileType = sourcecode.c.objc; path = AppDelegate.m; sourceTree = "<group>"; };
		A3FB73281743DE9700413AE8 /* Default.png */ = {isa = PBXFileReference; lastKnownFileType = image.png; path = Default.png; sourceTree = "<group>"; };
		A3FB732A1743DE9700413AE8 /* Default@2x.png */ = {isa = PBXFileReference; lastKnownFileType = image.png; path = "Default@2x.png"; sourceTree = "<group>"; };
		A3FB732C1743DE9700413AE8 /* Default-568h@2x.png */ = {isa = PBXFileReference; lastKnownFileType = image.png; path = "Default-568h@2x.png"; sourceTree = "<group>"; };
		A3FB73331743DE9700413AE8 /* NakoRecipeTests.octest */ = {isa = PBXFileReference; explicitFileType = wrapper.cfbundle; includeInIndex = 0; path = NakoRecipeTests.octest; sourceTree = BUILT_PRODUCTS_DIR; };
		A3FB73341743DE9700413AE8 /* SenTestingKit.framework */ = {isa = PBXFileReference; lastKnownFileType = wrapper.framework; name = SenTestingKit.framework; path = Library/Frameworks/SenTestingKit.framework; sourceTree = DEVELOPER_DIR; };
		A3FB733C1743DE9700413AE8 /* NakoRecipeTests-Info.plist */ = {isa = PBXFileReference; lastKnownFileType = text.plist.xml; path = "NakoRecipeTests-Info.plist"; sourceTree = "<group>"; };
		A3FB733E1743DE9700413AE8 /* en */ = {isa = PBXFileReference; lastKnownFileType = text.plist.strings; name = en; path = en.lproj/InfoPlist.strings; sourceTree = "<group>"; };
		A3FB73401743DE9700413AE8 /* NakoRecipeTests.h */ = {isa = PBXFileReference; lastKnownFileType = sourcecode.c.h; path = NakoRecipeTests.h; sourceTree = "<group>"; };
		A3FB73411743DE9700413AE8 /* NakoRecipeTests.m */ = {isa = PBXFileReference; lastKnownFileType = sourcecode.c.objc; path = NakoRecipeTests.m; sourceTree = "<group>"; };
		A3FB734C1743E1D000413AE8 /* PinterestViewController.h */ = {isa = PBXFileReference; fileEncoding = 4; lastKnownFileType = sourcecode.c.h; name = PinterestViewController.h; path = source/MainUI/PinterestViewController.h; sourceTree = "<group>"; };
		A3FB734D1743E1D000413AE8 /* PinterestViewController.m */ = {isa = PBXFileReference; fileEncoding = 4; lastKnownFileType = sourcecode.c.objc; name = PinterestViewController.m; path = source/MainUI/PinterestViewController.m; sourceTree = "<group>"; };
		A3FB735F1743EC1900413AE8 /* QuartzCore.framework */ = {isa = PBXFileReference; lastKnownFileType = wrapper.framework; name = QuartzCore.framework; path = System/Library/Frameworks/QuartzCore.framework; sourceTree = SDKROOT; };
		A3FB736117445B3000413AE8 /* RecipePinterest.h */ = {isa = PBXFileReference; fileEncoding = 4; lastKnownFileType = sourcecode.c.h; name = RecipePinterest.h; path = source/MainUI/PinterestViews/RecipePinterest.h; sourceTree = "<group>"; };
		A3FB736217445B3000413AE8 /* RecipePinterest.m */ = {isa = PBXFileReference; fileEncoding = 4; lastKnownFileType = sourcecode.c.objc; name = RecipePinterest.m; path = source/MainUI/PinterestViews/RecipePinterest.m; sourceTree = "<group>"; };
/* End PBXFileReference section */

/* Begin PBXFrameworksBuildPhase section */
		A3FB73101743DE9700413AE8 /* Frameworks */ = {
			isa = PBXFrameworksBuildPhase;
			buildActionMask = 2147483647;
			files = (
				A3D0D51917489FD2006C0AA9 /* CoreData.framework in Frameworks */,
				226072DD17450C0700CF3EAA /* libxml2.2.dylib in Frameworks */,
				A3FB73601743EC1900413AE8 /* QuartzCore.framework in Frameworks */,
				A3FB73171743DE9700413AE8 /* UIKit.framework in Frameworks */,
				A3FB73191743DE9700413AE8 /* Foundation.framework in Frameworks */,
				A3FB731B1743DE9700413AE8 /* CoreGraphics.framework in Frameworks */,
			);
			runOnlyForDeploymentPostprocessing = 0;
		};
		A3FB732F1743DE9700413AE8 /* Frameworks */ = {
			isa = PBXFrameworksBuildPhase;
			buildActionMask = 2147483647;
			files = (
				A3FB73351743DE9700413AE8 /* SenTestingKit.framework in Frameworks */,
				A3FB73361743DE9700413AE8 /* UIKit.framework in Frameworks */,
				A3FB73371743DE9700413AE8 /* Foundation.framework in Frameworks */,
			);
			runOnlyForDeploymentPostprocessing = 0;
		};
/* End PBXFrameworksBuildPhase section */

/* Begin PBXGroup section */
		226072BC1744A23A00CF3EAA /* Resouce */ = {
			isa = PBXGroup;
			children = (
				226072CE1744D5D200CF3EAA /* Icons-chat_black@2x.png */,
				226072CF1744D5D200CF3EAA /* Icons-comments_black@2x.png */,
				226072D01744D5D200CF3EAA /* Icons-h_black@2x.png */,
				226072C81744C06700CF3EAA /* Icons-chat@2x.png */,
				226072C91744C06700CF3EAA /* Icons-comments@2x.png */,
				226072CA1744C06700CF3EAA /* Icons-h@2x.png */,
				226072C11744B47000CF3EAA /* Font */,
			);
			name = Resouce;
			sourceTree = "<group>";
		};
		226072C11744B47000CF3EAA /* Font */ = {
			isa = PBXGroup;
			children = (
				226072C21744B47900CF3EAA /* iconic_stroke.ttf */,
			);
			name = Font;
			sourceTree = "<group>";
		};
		226072D417450A7900CF3EAA /* HttpApi */ = {
			isa = PBXGroup;
			children = (
				A3D0D5291748D60B006C0AA9 /* SBJson */,
				A3D0D50017489E7B006C0AA9 /* HttpApi.h */,
				A3D0D50117489E7B006C0AA9 /* HttpApi.m */,
			);
			name = HttpApi;
			sourceTree = "<group>";
		};
		226072D817450B0200CF3EAA /* GDataXML */ = {
			isa = PBXGroup;
			children = (
				A3D0D50917489E98006C0AA9 /* GDataXMLNode.h */,
				A3D0D50A17489E98006C0AA9 /* GDataXMLNode.m */,
			);
			name = GDataXML;
			sourceTree = "<group>";
		};
		A3D0D51217489F29006C0AA9 /* CoreData */ = {
			isa = PBXGroup;
			children = (
				A3D0D51517489F4C006C0AA9 /* RecipeModel.xcdatamodeld */,
				A3D0D51417489F37006C0AA9 /* CoreDataObject */,
				A3D0D51317489F2F006C0AA9 /* CoreDataManager */,
			);
			name = CoreData;
			sourceTree = "<group>";
		};
		A3D0D51317489F2F006C0AA9 /* CoreDataManager */ = {
			isa = PBXGroup;
			children = (
				A3D0D51A1748A46B006C0AA9 /* CoreDataManager.h */,
				A3D0D51B1748A46B006C0AA9 /* CoreDataManager.m */,
			);
			name = CoreDataManager;
			sourceTree = "<group>";
		};
		A3D0D51417489F37006C0AA9 /* CoreDataObject */ = {
			isa = PBXGroup;
			children = (
				A3D0D5581748F123006C0AA9 /* Post.h */,
				A3D0D5591748F123006C0AA9 /* Post.m */,
				A3D0D55B1748F8FA006C0AA9 /* AttatchMent.h */,
				A3D0D55C1748F8FA006C0AA9 /* AttatchMent.m */,
			);
			name = CoreDataObject;
			sourceTree = "<group>";
		};
		A3D0D5291748D60B006C0AA9 /* SBJson */ = {
			isa = PBXGroup;
			children = (
				A3D0D52A1748D621006C0AA9 /* SBJson.h */,
				A3D0D52B1748D621006C0AA9 /* SBJsonParser.h */,
				A3D0D52C1748D621006C0AA9 /* SBJsonParser.m */,
				A3D0D52D1748D621006C0AA9 /* SBJsonStreamParser.h */,
				A3D0D52E1748D621006C0AA9 /* SBJsonStreamParser.m */,
				A3D0D52F1748D621006C0AA9 /* SBJsonStreamParserAccumulator.h */,
				A3D0D5301748D621006C0AA9 /* SBJsonStreamParserAccumulator.m */,
				A3D0D5311748D621006C0AA9 /* SBJsonStreamParserAdapter.h */,
				A3D0D5321748D621006C0AA9 /* SBJsonStreamParserAdapter.m */,
				A3D0D5331748D621006C0AA9 /* SBJsonStreamParserState.h */,
				A3D0D5341748D621006C0AA9 /* SBJsonStreamParserState.m */,
				A3D0D5351748D621006C0AA9 /* SBJsonStreamTokeniser.h */,
				A3D0D5361748D621006C0AA9 /* SBJsonStreamTokeniser.m */,
				A3D0D5371748D621006C0AA9 /* SBJsonStreamWriter.h */,
				A3D0D5381748D621006C0AA9 /* SBJsonStreamWriter.m */,
				A3D0D5391748D621006C0AA9 /* SBJsonStreamWriterAccumulator.h */,
				A3D0D53A1748D621006C0AA9 /* SBJsonStreamWriterAccumulator.m */,
				A3D0D53B1748D621006C0AA9 /* SBJsonStreamWriterState.h */,
				A3D0D53C1748D621006C0AA9 /* SBJsonStreamWriterState.m */,
				A3D0D53D1748D621006C0AA9 /* SBJsonWriter.h */,
				A3D0D53E1748D621006C0AA9 /* SBJsonWriter.m */,
			);
			name = SBJson;
			sourceTree = "<group>";
		};
		A3D0D55E1748FB61006C0AA9 /* AsyncView */ = {
			isa = PBXGroup;
			children = (
				A3D0D55F1748FBAF006C0AA9 /* AsyncImageView.h */,
				A3D0D5601748FBAF006C0AA9 /* AsyncImageView.m */,
			);
			name = AsyncView;
			sourceTree = "<group>";
		};
		A3D0D562174903A7006C0AA9 /* PintrestViewController */ = {
			isa = PBXGroup;
			children = (
				A3FB734C1743E1D000413AE8 /* PinterestViewController.h */,
				A3FB734D1743E1D000413AE8 /* PinterestViewController.m */,
				A3FB736117445B3000413AE8 /* RecipePinterest.h */,
				A3FB736217445B3000413AE8 /* RecipePinterest.m */,
			);
			name = PintrestViewController;
			sourceTree = "<group>";
		};
		A3D0D563174903B6006C0AA9 /* RecipeViewController */ = {
			isa = PBXGroup;
			children = (
				A3D0D564174903DB006C0AA9 /* RecipeViewController.h */,
				A3D0D565174903DB006C0AA9 /* RecipeViewController.m */,
				A3D0D567174903FD006C0AA9 /* RecipeView.h */,
				A3D0D568174903FD006C0AA9 /* RecipeView.m */,
			);
			name = RecipeViewController;
			sourceTree = "<group>";
		};
		A3FB730A1743DE9700413AE8 = {
			isa = PBXGroup;
			children = (
				A3FB731C1743DE9700413AE8 /* NakoRecipe */,
				A3FB733A1743DE9700413AE8 /* NakoRecipeTests */,
				A3FB73151743DE9700413AE8 /* Frameworks */,
				A3FB73141743DE9700413AE8 /* Products */,
			);
			sourceTree = "<group>";
		};
		A3FB73141743DE9700413AE8 /* Products */ = {
			isa = PBXGroup;
			children = (
				A3FB73131743DE9700413AE8 /* NakoRecipe.app */,
				A3FB73331743DE9700413AE8 /* NakoRecipeTests.octest */,
			);
			name = Products;
			sourceTree = "<group>";
		};
		A3FB73151743DE9700413AE8 /* Frameworks */ = {
			isa = PBXGroup;
			children = (
				226072DC17450C0600CF3EAA /* libxml2.2.dylib */,
				A3D0D51817489FD2006C0AA9 /* CoreData.framework */,
				A3FB735F1743EC1900413AE8 /* QuartzCore.framework */,
				A3FB73161743DE9700413AE8 /* UIKit.framework */,
				A3FB73181743DE9700413AE8 /* Foundation.framework */,
				A3FB731A1743DE9700413AE8 /* CoreGraphics.framework */,
				A3FB73341743DE9700413AE8 /* SenTestingKit.framework */,
			);
			name = Frameworks;
			sourceTree = "<group>";
		};
		A3FB731C1743DE9700413AE8 /* NakoRecipe */ = {
			isa = PBXGroup;
			children = (
				A3FB73251743DE9700413AE8 /* AppDelegate.h */,
				A3FB73261743DE9700413AE8 /* AppDelegate.m */,
				A3FB734B1743E18900413AE8 /* MainUI */,
				A3FB734F1743E3C500413AE8 /* Util */,
				226072BC1744A23A00CF3EAA /* Resouce */,
				A3FB731D1743DE9700413AE8 /* Supporting Files */,
			);
			path = NakoRecipe;
			sourceTree = "<group>";
		};
		A3FB731D1743DE9700413AE8 /* Supporting Files */ = {
			isa = PBXGroup;
			children = (
				A3FB731E1743DE9700413AE8 /* NakoRecipe-Info.plist */,
				A3FB731F1743DE9700413AE8 /* InfoPlist.strings */,
				A3FB73221743DE9700413AE8 /* main.m */,
				A3FB73241743DE9700413AE8 /* NakoRecipe-Prefix.pch */,
				A3FB73281743DE9700413AE8 /* Default.png */,
				A3FB732A1743DE9700413AE8 /* Default@2x.png */,
				A3FB732C1743DE9700413AE8 /* Default-568h@2x.png */,
			);
			name = "Supporting Files";
			sourceTree = "<group>";
		};
		A3FB733A1743DE9700413AE8 /* NakoRecipeTests */ = {
			isa = PBXGroup;
			children = (
				A3FB73401743DE9700413AE8 /* NakoRecipeTests.h */,
				A3FB73411743DE9700413AE8 /* NakoRecipeTests.m */,
				A3FB733B1743DE9700413AE8 /* Supporting Files */,
			);
			path = NakoRecipeTests;
			sourceTree = "<group>";
		};
		A3FB733B1743DE9700413AE8 /* Supporting Files */ = {
			isa = PBXGroup;
			children = (
				A3FB733C1743DE9700413AE8 /* NakoRecipeTests-Info.plist */,
				A3FB733D1743DE9700413AE8 /* InfoPlist.strings */,
			);
			name = "Supporting Files";
			sourceTree = "<group>";
		};
		A3FB734B1743E18900413AE8 /* MainUI */ = {
			isa = PBXGroup;
			children = (
				A3D0D563174903B6006C0AA9 /* RecipeViewController */,
				A3D0D562174903A7006C0AA9 /* PintrestViewController */,
			);
			name = MainUI;
			sourceTree = "<group>";
		};
		A3FB734F1743E3C500413AE8 /* Util */ = {
			isa = PBXGroup;
			children = (
				A3D0D51217489F29006C0AA9 /* CoreData */,
				A3FB73581743E71500413AE8 /* System */,
				A3FB73501743E3D600413AE8 /* ExternSource */,
			);
			name = Util;
			sourceTree = "<group>";
		};
		A3FB73501743E3D600413AE8 /* ExternSource */ = {
			isa = PBXGroup;
			children = (
				A3D0D55E1748FB61006C0AA9 /* AsyncView */,
				226072D817450B0200CF3EAA /* GDataXML */,
				A3FB73511743E3E500413AE8 /* PintrestLib */,
			);
			name = ExternSource;
			sourceTree = "<group>";
		};
		A3FB73511743E3E500413AE8 /* PintrestLib */ = {
			isa = PBXGroup;
			children = (
				A3D0D50C17489EA5006C0AA9 /* PSCollectionView.h */,
				A3D0D50D17489EA5006C0AA9 /* PSCollectionView.m */,
				A3D0D50E17489EA5006C0AA9 /* PSCollectionViewCell.h */,
				A3D0D50F17489EA5006C0AA9 /* PSCollectionViewCell.m */,
			);
			name = PintrestLib;
			sourceTree = "<group>";
		};
		A3FB73581743E71500413AE8 /* System */ = {
			isa = PBXGroup;
			children = (
				A3D0D50317489E89006C0AA9 /* CommonUI.h */,
				A3D0D50417489E89006C0AA9 /* CommonUI.m */,
				A3D0D50517489E89006C0AA9 /* FileControl.h */,
				A3D0D50617489E89006C0AA9 /* FileControl.m */,
				226072D417450A7900CF3EAA /* HttpApi */,
			);
			name = System;
			sourceTree = "<group>";
		};
/* End PBXGroup section */

/* Begin PBXNativeTarget section */
		A3FB73121743DE9700413AE8 /* NakoRecipe */ = {
			isa = PBXNativeTarget;
			buildConfigurationList = A3FB73451743DE9700413AE8 /* Build configuration list for PBXNativeTarget "NakoRecipe" */;
			buildPhases = (
				A3FB730F1743DE9700413AE8 /* Sources */,
				A3FB73101743DE9700413AE8 /* Frameworks */,
				A3FB73111743DE9700413AE8 /* Resources */,
			);
			buildRules = (
			);
			dependencies = (
			);
			name = NakoRecipe;
			productName = NakoRecipe;
			productReference = A3FB73131743DE9700413AE8 /* NakoRecipe.app */;
			productType = "com.apple.product-type.application";
		};
		A3FB73321743DE9700413AE8 /* NakoRecipeTests */ = {
			isa = PBXNativeTarget;
			buildConfigurationList = A3FB73481743DE9700413AE8 /* Build configuration list for PBXNativeTarget "NakoRecipeTests" */;
			buildPhases = (
				A3FB732E1743DE9700413AE8 /* Sources */,
				A3FB732F1743DE9700413AE8 /* Frameworks */,
				A3FB73301743DE9700413AE8 /* Resources */,
				A3FB73311743DE9700413AE8 /* ShellScript */,
			);
			buildRules = (
			);
			dependencies = (
				A3FB73391743DE9700413AE8 /* PBXTargetDependency */,
			);
			name = NakoRecipeTests;
			productName = NakoRecipeTests;
			productReference = A3FB73331743DE9700413AE8 /* NakoRecipeTests.octest */;
			productType = "com.apple.product-type.bundle";
		};
/* End PBXNativeTarget section */

/* Begin PBXProject section */
		A3FB730B1743DE9700413AE8 /* Project object */ = {
			isa = PBXProject;
			attributes = {
				LastUpgradeCheck = 0460;
				ORGANIZATIONNAME = tilltue;
			};
			buildConfigurationList = A3FB730E1743DE9700413AE8 /* Build configuration list for PBXProject "NakoRecipe" */;
			compatibilityVersion = "Xcode 3.2";
			developmentRegion = English;
			hasScannedForEncodings = 0;
			knownRegions = (
				en,
			);
			mainGroup = A3FB730A1743DE9700413AE8;
			productRefGroup = A3FB73141743DE9700413AE8 /* Products */;
			projectDirPath = "";
			projectRoot = "";
			targets = (
				A3FB73121743DE9700413AE8 /* NakoRecipe */,
				A3FB73321743DE9700413AE8 /* NakoRecipeTests */,
			);
		};
/* End PBXProject section */

/* Begin PBXResourcesBuildPhase section */
		A3FB73111743DE9700413AE8 /* Resources */ = {
			isa = PBXResourcesBuildPhase;
			buildActionMask = 2147483647;
			files = (
				A3FB73211743DE9700413AE8 /* InfoPlist.strings in Resources */,
				A3FB73291743DE9700413AE8 /* Default.png in Resources */,
				A3FB732B1743DE9700413AE8 /* Default@2x.png in Resources */,
				A3FB732D1743DE9700413AE8 /* Default-568h@2x.png in Resources */,
				226072C31744B47900CF3EAA /* iconic_stroke.ttf in Resources */,
				226072CB1744C06700CF3EAA /* Icons-chat@2x.png in Resources */,
				226072CC1744C06700CF3EAA /* Icons-comments@2x.png in Resources */,
				226072CD1744C06700CF3EAA /* Icons-h@2x.png in Resources */,
				226072D11744D5D200CF3EAA /* Icons-chat_black@2x.png in Resources */,
				226072D21744D5D200CF3EAA /* Icons-comments_black@2x.png in Resources */,
				226072D31744D5D200CF3EAA /* Icons-h_black@2x.png in Resources */,
			);
			runOnlyForDeploymentPostprocessing = 0;
		};
		A3FB73301743DE9700413AE8 /* Resources */ = {
			isa = PBXResourcesBuildPhase;
			buildActionMask = 2147483647;
			files = (
				A3FB733F1743DE9700413AE8 /* InfoPlist.strings in Resources */,
			);
			runOnlyForDeploymentPostprocessing = 0;
		};
/* End PBXResourcesBuildPhase section */

/* Begin PBXShellScriptBuildPhase section */
		A3FB73311743DE9700413AE8 /* ShellScript */ = {
			isa = PBXShellScriptBuildPhase;
			buildActionMask = 2147483647;
			files = (
			);
			inputPaths = (
			);
			outputPaths = (
			);
			runOnlyForDeploymentPostprocessing = 0;
			shellPath = /bin/sh;
			shellScript = "# Run the unit tests in this test bundle.\n\"${SYSTEM_DEVELOPER_DIR}/Tools/RunUnitTests\"\n";
		};
/* End PBXShellScriptBuildPhase section */

/* Begin PBXSourcesBuildPhase section */
		A3FB730F1743DE9700413AE8 /* Sources */ = {
			isa = PBXSourcesBuildPhase;
			buildActionMask = 2147483647;
			files = (
				A3FB73231743DE9700413AE8 /* main.m in Sources */,
				A3FB73271743DE9700413AE8 /* AppDelegate.m in Sources */,
				A3FB734E1743E1D000413AE8 /* PinterestViewController.m in Sources */,
				A3FB736317445B3000413AE8 /* RecipePinterest.m in Sources */,
				A3D0D50217489E7B006C0AA9 /* HttpApi.m in Sources */,
				A3D0D50717489E89006C0AA9 /* CommonUI.m in Sources */,
				A3D0D50817489E89006C0AA9 /* FileControl.m in Sources */,
				A3D0D50B17489E98006C0AA9 /* GDataXMLNode.m in Sources */,
				A3D0D51017489EA5006C0AA9 /* PSCollectionView.m in Sources */,
				A3D0D51117489EA5006C0AA9 /* PSCollectionViewCell.m in Sources */,
				A3D0D51717489F4C006C0AA9 /* RecipeModel.xcdatamodeld in Sources */,
				A3D0D51C1748A46B006C0AA9 /* CoreDataManager.m in Sources */,
				A3D0D53F1748D621006C0AA9 /* SBJsonParser.m in Sources */,
				A3D0D5401748D621006C0AA9 /* SBJsonStreamParser.m in Sources */,
				A3D0D5411748D621006C0AA9 /* SBJsonStreamParserAccumulator.m in Sources */,
				A3D0D5421748D621006C0AA9 /* SBJsonStreamParserAdapter.m in Sources */,
				A3D0D5431748D621006C0AA9 /* SBJsonStreamParserState.m in Sources */,
				A3D0D5441748D621006C0AA9 /* SBJsonStreamTokeniser.m in Sources */,
				A3D0D5451748D621006C0AA9 /* SBJsonStreamWriter.m in Sources */,
				A3D0D5461748D621006C0AA9 /* SBJsonStreamWriterAccumulator.m in Sources */,
				A3D0D5471748D621006C0AA9 /* SBJsonStreamWriterState.m in Sources */,
				A3D0D5481748D621006C0AA9 /* SBJsonWriter.m in Sources */,
				A3D0D55A1748F123006C0AA9 /* Post.m in Sources */,
				A3D0D55D1748F8FA006C0AA9 /* AttatchMent.m in Sources */,
				A3D0D5611748FBAF006C0AA9 /* AsyncImageView.m in Sources */,
				A3D0D566174903DB006C0AA9 /* RecipeViewController.m in Sources */,
				A3D0D569174903FD006C0AA9 /* RecipeView.m in Sources */,
			);
			runOnlyForDeploymentPostprocessing = 0;
		};
		A3FB732E1743DE9700413AE8 /* Sources */ = {
			isa = PBXSourcesBuildPhase;
			buildActionMask = 2147483647;
			files = (
				A3FB73421743DE9700413AE8 /* NakoRecipeTests.m in Sources */,
			);
			runOnlyForDeploymentPostprocessing = 0;
		};
/* End PBXSourcesBuildPhase section */

/* Begin PBXTargetDependency section */
		A3FB73391743DE9700413AE8 /* PBXTargetDependency */ = {
			isa = PBXTargetDependency;
			target = A3FB73121743DE9700413AE8 /* NakoRecipe */;
			targetProxy = A3FB73381743DE9700413AE8 /* PBXContainerItemProxy */;
		};
/* End PBXTargetDependency section */

/* Begin PBXVariantGroup section */
		A3FB731F1743DE9700413AE8 /* InfoPlist.strings */ = {
			isa = PBXVariantGroup;
			children = (
				A3FB73201743DE9700413AE8 /* en */,
			);
			name = InfoPlist.strings;
			sourceTree = "<group>";
		};
		A3FB733D1743DE9700413AE8 /* InfoPlist.strings */ = {
			isa = PBXVariantGroup;
			children = (
				A3FB733E1743DE9700413AE8 /* en */,
			);
			name = InfoPlist.strings;
			sourceTree = "<group>";
		};
/* End PBXVariantGroup section */

/* Begin XCBuildConfiguration section */
		A3FB73431743DE9700413AE8 /* Debug */ = {
			isa = XCBuildConfiguration;
			buildSettings = {
				ALWAYS_SEARCH_USER_PATHS = NO;
				CLANG_CXX_LANGUAGE_STANDARD = "gnu++0x";
				CLANG_CXX_LIBRARY = "libc++";
				CLANG_ENABLE_OBJC_ARC = YES;
				CLANG_WARN_CONSTANT_CONVERSION = YES;
				CLANG_WARN_EMPTY_BODY = YES;
				CLANG_WARN_ENUM_CONVERSION = YES;
				CLANG_WARN_INT_CONVERSION = YES;
				CLANG_WARN__DUPLICATE_METHOD_MATCH = YES;
				"CODE_SIGN_IDENTITY[sdk=iphoneos*]" = "iPhone Developer";
				COPY_PHASE_STRIP = NO;
				GCC_C_LANGUAGE_STANDARD = gnu99;
				GCC_DYNAMIC_NO_PIC = NO;
				GCC_OPTIMIZATION_LEVEL = 0;
				GCC_PREPROCESSOR_DEFINITIONS = (
					"DEBUG=1",
					"$(inherited)",
				);
				GCC_SYMBOLS_PRIVATE_EXTERN = NO;
				GCC_WARN_ABOUT_RETURN_TYPE = YES;
				GCC_WARN_UNINITIALIZED_AUTOS = YES;
				GCC_WARN_UNUSED_VARIABLE = YES;
				IPHONEOS_DEPLOYMENT_TARGET = 6.1;
				ONLY_ACTIVE_ARCH = YES;
				SDKROOT = iphoneos;
				TARGETED_DEVICE_FAMILY = "1,2";
			};
			name = Debug;
		};
		A3FB73441743DE9700413AE8 /* Release */ = {
			isa = XCBuildConfiguration;
			buildSettings = {
				ALWAYS_SEARCH_USER_PATHS = NO;
				CLANG_CXX_LANGUAGE_STANDARD = "gnu++0x";
				CLANG_CXX_LIBRARY = "libc++";
				CLANG_ENABLE_OBJC_ARC = YES;
				CLANG_WARN_CONSTANT_CONVERSION = YES;
				CLANG_WARN_EMPTY_BODY = YES;
				CLANG_WARN_ENUM_CONVERSION = YES;
				CLANG_WARN_INT_CONVERSION = YES;
				CLANG_WARN__DUPLICATE_METHOD_MATCH = YES;
				"CODE_SIGN_IDENTITY[sdk=iphoneos*]" = "iPhone Developer";
				COPY_PHASE_STRIP = YES;
				GCC_C_LANGUAGE_STANDARD = gnu99;
				GCC_WARN_ABOUT_RETURN_TYPE = YES;
				GCC_WARN_UNINITIALIZED_AUTOS = YES;
				GCC_WARN_UNUSED_VARIABLE = YES;
				IPHONEOS_DEPLOYMENT_TARGET = 6.1;
				OTHER_CFLAGS = "-DNS_BLOCK_ASSERTIONS=1";
				SDKROOT = iphoneos;
				TARGETED_DEVICE_FAMILY = "1,2";
				VALIDATE_PRODUCT = YES;
			};
			name = Release;
		};
		A3FB73461743DE9700413AE8 /* Debug */ = {
			isa = XCBuildConfiguration;
			buildSettings = {
				GCC_PRECOMPILE_PREFIX_HEADER = YES;
				GCC_PREFIX_HEADER = "NakoRecipe/NakoRecipe-Prefix.pch";
				HEADER_SEARCH_PATHS = /usr/include/libxml2;
				INFOPLIST_FILE = "NakoRecipe/NakoRecipe-Info.plist";
				PRODUCT_NAME = "$(TARGET_NAME)";
				WRAPPER_EXTENSION = app;
			};
			name = Debug;
		};
		A3FB73471743DE9700413AE8 /* Release */ = {
			isa = XCBuildConfiguration;
			buildSettings = {
				GCC_PRECOMPILE_PREFIX_HEADER = YES;
				GCC_PREFIX_HEADER = "NakoRecipe/NakoRecipe-Prefix.pch";
				HEADER_SEARCH_PATHS = /usr/include/libxml2;
				INFOPLIST_FILE = "NakoRecipe/NakoRecipe-Info.plist";
				PRODUCT_NAME = "$(TARGET_NAME)";
				WRAPPER_EXTENSION = app;
			};
			name = Release;
		};
		A3FB73491743DE9700413AE8 /* Debug */ = {
			isa = XCBuildConfiguration;
			buildSettings = {
				BUNDLE_LOADER = "$(BUILT_PRODUCTS_DIR)/NakoRecipe.app/NakoRecipe";
				FRAMEWORK_SEARCH_PATHS = (
					"\"$(SDKROOT)/Developer/Library/Frameworks\"",
					"\"$(DEVELOPER_LIBRARY_DIR)/Frameworks\"",
				);
				GCC_PRECOMPILE_PREFIX_HEADER = YES;
				GCC_PREFIX_HEADER = "NakoRecipe/NakoRecipe-Prefix.pch";
				INFOPLIST_FILE = "NakoRecipeTests/NakoRecipeTests-Info.plist";
				PRODUCT_NAME = "$(TARGET_NAME)";
				TEST_HOST = "$(BUNDLE_LOADER)";
				WRAPPER_EXTENSION = octest;
			};
			name = Debug;
		};
		A3FB734A1743DE9700413AE8 /* Release */ = {
			isa = XCBuildConfiguration;
			buildSettings = {
				BUNDLE_LOADER = "$(BUILT_PRODUCTS_DIR)/NakoRecipe.app/NakoRecipe";
				FRAMEWORK_SEARCH_PATHS = (
					"\"$(SDKROOT)/Developer/Library/Frameworks\"",
					"\"$(DEVELOPER_LIBRARY_DIR)/Frameworks\"",
				);
				GCC_PRECOMPILE_PREFIX_HEADER = YES;
				GCC_PREFIX_HEADER = "NakoRecipe/NakoRecipe-Prefix.pch";
				INFOPLIST_FILE = "NakoRecipeTests/NakoRecipeTests-Info.plist";
				PRODUCT_NAME = "$(TARGET_NAME)";
				TEST_HOST = "$(BUNDLE_LOADER)";
				WRAPPER_EXTENSION = octest;
			};
			name = Release;
		};
/* End XCBuildConfiguration section */

/* Begin XCConfigurationList section */
		A3FB730E1743DE9700413AE8 /* Build configuration list for PBXProject "NakoRecipe" */ = {
			isa = XCConfigurationList;
			buildConfigurations = (
				A3FB73431743DE9700413AE8 /* Debug */,
				A3FB73441743DE9700413AE8 /* Release */,
			);
			defaultConfigurationIsVisible = 0;
			defaultConfigurationName = Release;
		};
		A3FB73451743DE9700413AE8 /* Build configuration list for PBXNativeTarget "NakoRecipe" */ = {
			isa = XCConfigurationList;
			buildConfigurations = (
				A3FB73461743DE9700413AE8 /* Debug */,
				A3FB73471743DE9700413AE8 /* Release */,
			);
			defaultConfigurationIsVisible = 0;
			defaultConfigurationName = Release;
		};
		A3FB73481743DE9700413AE8 /* Build configuration list for PBXNativeTarget "NakoRecipeTests" */ = {
			isa = XCConfigurationList;
			buildConfigurations = (
				A3FB73491743DE9700413AE8 /* Debug */,
				A3FB734A1743DE9700413AE8 /* Release */,
			);
			defaultConfigurationIsVisible = 0;
			defaultConfigurationName = Release;
		};
/* End XCConfigurationList section */

/* Begin XCVersionGroup section */
		A3D0D51517489F4C006C0AA9 /* RecipeModel.xcdatamodeld */ = {
			isa = XCVersionGroup;
			children = (
				A3D0D51617489F4C006C0AA9 /* RecipeModel.xcdatamodel */,
			);
			currentVersion = A3D0D51617489F4C006C0AA9 /* RecipeModel.xcdatamodel */;
			path = RecipeModel.xcdatamodeld;
			sourceTree = "<group>";
			versionGroupType = wrapper.xcdatamodel;
		};
/* End XCVersionGroup section */
	};
	rootObject = A3FB730B1743DE9700413AE8 /* Project object */;
}
